Microsoft Visual Studio Solution File, Format Version 12.00
# Visual Studio Version 17
VisualStudioVersion = 17.0.31410.414
MinimumVisualStudioVersion = 10.0.40219.1
Project("{2150E333-8FDC-42A3-9474-1A3956D46DE8}") = "Controls", "Controls", "{459BF674-83CB-46F6-881F-A2D2117DBF4D}"
EndProject
Project("{2150E333-8FDC-42A3-9474-1A3956D46DE8}") = "samples", "samples", "{E1082E26-D700-4127-9329-66D673FD2D55}"
EndProject
Project("{2150E333-8FDC-42A3-9474-1A3956D46DE8}") = "SingleProject", "SingleProject", "{D5478E0A-5D9C-4C1F-980C-7A9FC71F925E}"
EndProject
Project("{9A19103F-16F7-4668-BE54-9A1E7A4F7556}") = "Resizetizer", "src\SingleProject\Resizetizer\src\Resizetizer.csproj", "{9909F93F-C085-4F76-B92A-5D8C516BF47D}"
EndProject
Project("{9A19103F-16F7-4668-BE54-9A1E7A4F7556}") = "Microsoft.Maui.Templates", "src\Templates\src\Microsoft.Maui.Templates.csproj", "{DAAC2822-63B6-4DE0-83AE-04873CD2F364}"
EndProject
Project("{2150E333-8FDC-42A3-9474-1A3956D46DE8}") = "src", "src", "{50C758FE-4E10-409A-94F5-A75480960864}"
EndProject
Project("{2150E333-8FDC-42A3-9474-1A3956D46DE8}") = "Templates", "Templates", "{72397ADB-40A8-4B8E-8E08-2DBE2803C845}"
EndProject
Project("{9A19103F-16F7-4668-BE54-9A1E7A4F7556}") = "Controls.Xaml.Design", "src\Controls\src\Xaml.Design\Controls.Xaml.Design.csproj", "{F9AEE4C0-9E67-4B87-932E-26EDF0FC932A}"
EndProject
Project("{2150E333-8FDC-42A3-9474-1A3956D46DE8}") = "src", "src", "{F3FFE2E4-E89E-46A9-A180-FDA8908BA21D}"
EndProject
Project("{2150E333-8FDC-42A3-9474-1A3956D46DE8}") = "test", "test", "{E25E7929-2423-4C8A-9B03-DC4C8B19A2E5}"
EndProject
Project("{9A19103F-16F7-4668-BE54-9A1E7A4F7556}") = "Resizetizer.UnitTests", "src\SingleProject\Resizetizer\test\UnitTests\Resizetizer.UnitTests.csproj", "{05DB57B8-D0A5-499B-AD35-7093C2E9C9D7}"
EndProject
Project("{2150E333-8FDC-42A3-9474-1A3956D46DE8}") = "Graphics", "Graphics", "{E4884871-4A1B-43BC-814F-E3D6E52B1673}"
EndProject
Project("{2150E333-8FDC-42A3-9474-1A3956D46DE8}") = "src", "src", "{42AB9AE1-631D-4AD4-85B7-910FF0940BDB}"
EndProject
Project("{2150E333-8FDC-42A3-9474-1A3956D46DE8}") = "CompatibilitySamples", "CompatibilitySamples", "{C887044A-A685-42E6-B997-93FE37EEBA72}"
EndProject
Project("{9A19103F-16F7-4668-BE54-9A1E7A4F7556}") = "DefaultMauiApp", "src\Compatibility\Core\tests\DefaultMauiApp\DefaultMauiApp.csproj", "{68CD28B2-D943-4F9D-82F6-FC48593E4C12}"
EndProject
Project("{FAE04EC0-301F-11D3-BF4B-00C04F79EFBC}") = "DefaultUWPApp", "src\Compatibility\Core\tests\DefaultUWPApp\DefaultUWPApp.csproj", "{6A3F2B7E-1F2F-4835-BE99-4363C04F25F2}"
EndProject
Project("{9A19103F-16F7-4668-BE54-9A1E7A4F7556}") = "DefaultWpfApp", "src\Compatibility\Core\tests\DefaultWpfApp\DefaultWpfApp.csproj", "{46BBC8DC-35EA-4D54-8BEA-F3B439F28195}"
EndProject
Project("{9A19103F-16F7-4668-BE54-9A1E7A4F7556}") = "DefaultWinFormsApp", "src\Compatibility\Core\tests\DefaultWinFormsApp\DefaultWinFormsApp.csproj", "{9860A73F-8088-4561-94BD-5D74599D2538}"
EndProject
Project("{2150E333-8FDC-42A3-9474-1A3956D46DE8}") = "tests", "tests", "{81FA06FD-63DA-4CBB-9936-5C9BA3405335}"
EndProject
Project("{9A19103F-16F7-4668-BE54-9A1E7A4F7556}") = "XamlCTaskRunner", "src\Controls\tests\XamlCTaskRunner\XamlCTaskRunner.csproj", "{D3563350-206D-43B7-95E9-1F82C4F56EE5}"
EndProject
Project("{9A19103F-16F7-4668-BE54-9A1E7A4F7556}") = "GTKnonMAUI", "src\Compatibility\Core\tests\GTKnonMAUI\GTKnonMAUI.csproj", "{D02B5DCF-E7FB-421A-B46B-2DCAC087C62B}"
EndProject
Project("{9A19103F-16F7-4668-BE54-9A1E7A4F7556}") = "Controls.Core-GTK", "src\Controls\src\Core-GTK\Controls.Core-GTK.csproj", "{EFA03CC1-17FC-44D9-8708-5B75E2DA9210}"
EndProject
Project("{9A19103F-16F7-4668-BE54-9A1E7A4F7556}") = "Controls.Build.Tasks-GTK", "src\Controls\src\Build.Tasks-GTK\Controls.Build.Tasks-GTK.csproj", "{B7809419-2778-4FB6-B5D6-742988CD3766}"
EndProject
Project("{9A19103F-16F7-4668-BE54-9A1E7A4F7556}") = "Controls.Core.Design-GTK", "src\Controls\src\Core.Design-GTK\Controls.Core.Design-GTK.csproj", "{EEF36B5D-6D8E-4C4B-B89B-6BF895B9C46C}"
EndProject
Project("{9A19103F-16F7-4668-BE54-9A1E7A4F7556}") = "Controls.Foldable-GTK", "src\Controls\Foldable-GTK\src\Controls.Foldable-GTK.csproj", "{44CDE56A-3A86-4C5A-B1C8-2A4951F8F89C}"
EndProject
Project("{9A19103F-16F7-4668-BE54-9A1E7A4F7556}") = "Controls.Xaml-GTK", "src\Controls\src\Xaml-GTK\Controls.Xaml-GTK.csproj", "{01362E98-2365-47BE-BDA9-BAE2990D51A5}"
EndProject
Project("{9A19103F-16F7-4668-BE54-9A1E7A4F7556}") = "GenerateXamlRunner", "src\Controls\tests\GenerateXamlRunner\GenerateXamlRunner.csproj", "{1A41FC4A-729A-489F-A3B0-F057101C18EC}"
EndProject
Project("{9A19103F-16F7-4668-BE54-9A1E7A4F7556}") = "Graphics-GTK", "src\Graphics\src\Graphics-GTK\Graphics-GTK.csproj", "{3E1E7C66-E08F-4CDF-AF78-85F81036472D}"
EndProject
Project("{2150E333-8FDC-42A3-9474-1A3956D46DE8}") = "Essentials-GTK", "Essentials-GTK", "{430B7E14-6CE6-47B2-956D-25E6E75E0575}"
EndProject
Project("{2150E333-8FDC-42A3-9474-1A3956D46DE8}") = "src", "src", "{C9D5A0B9-0BF3-40BD-97F5-A548DFB337C6}"
EndProject
Project("{9A19103F-16F7-4668-BE54-9A1E7A4F7556}") = "Essentials-GTK", "src\Essentials-GTK\src\Essentials-GTK.csproj", "{A3E9B1A4-F07C-49B5-8D51-9297143B5B4A}"
EndProject
Project("{2150E333-8FDC-42A3-9474-1A3956D46DE8}") = "Core-GTK", "Core-GTK", "{904182E4-F792-4C00-A202-12A6AAA41244}"
EndProject
Project("{2150E333-8FDC-42A3-9474-1A3956D46DE8}") = "src", "src", "{507A185A-8FB4-422D-BEBA-11ACC3E68011}"
EndProject
Project("{9A19103F-16F7-4668-BE54-9A1E7A4F7556}") = "Core-GTK", "src\Core-GTK\src\Core-GTK.csproj", "{EB0121E5-C87F-4F1E-B4ED-868846423E92}"
EndProject
Project("{9A19103F-16F7-4668-BE54-9A1E7A4F7556}") = "Controls.SourceGen-GTK", "src\Controls\src\SourceGen-GTK\Controls.SourceGen-GTK.csproj", "{33778D82-42A2-4F89-A660-F9610BDD3B04}"
EndProject
Project("{9A19103F-16F7-4668-BE54-9A1E7A4F7556}") = "Maui.Controls.Sample.OnePage.GTK", "src\Controls\samples-gtk\Controls.Sample.OnePage.GTK\Maui.Controls.Sample.OnePage.GTK.csproj", "{0329344E-82A4-42E8-A632-C8EFE184B5E2}"
EndProject
Project("{9A19103F-16F7-4668-BE54-9A1E7A4F7556}") = "GTK3onNET7", "src\Compatibility\Core\tests\GTK3onNET7\GTK3onNET7.csproj", "{336370BE-9F5B-4137-854F-66ADE86D2B9D}"
EndProject
Project("{9A19103F-16F7-4668-BE54-9A1E7A4F7556}") = "Maui.Controls.Sample.MultiPage.GTK", "src\Controls\samples-gtk\Controls.Sample.MultiPage.GTK\Maui.Controls.Sample.MultiPage.GTK.csproj", "{9C472F82-035E-4454-9B71-478E485741EC}"
EndProject
Global
	GlobalSection(SolutionConfigurationPlatforms) = preSolution
		Debug|Any CPU = Debug|Any CPU
		Debug|ARM = Debug|ARM
		Debug|ARM64 = Debug|ARM64
		Debug|x64 = Debug|x64
		Debug|x86 = Debug|x86
		Release|Any CPU = Release|Any CPU
		Release|ARM = Release|ARM
		Release|ARM64 = Release|ARM64
		Release|x64 = Release|x64
		Release|x86 = Release|x86
	EndGlobalSection
	GlobalSection(ProjectConfigurationPlatforms) = postSolution
		{9909F93F-C085-4F76-B92A-5D8C516BF47D}.Debug|Any CPU.ActiveCfg = Debug|Any CPU
		{9909F93F-C085-4F76-B92A-5D8C516BF47D}.Debug|Any CPU.Build.0 = Debug|Any CPU
		{9909F93F-C085-4F76-B92A-5D8C516BF47D}.Debug|ARM.ActiveCfg = Debug|Any CPU
		{9909F93F-C085-4F76-B92A-5D8C516BF47D}.Debug|ARM.Build.0 = Debug|Any CPU
		{9909F93F-C085-4F76-B92A-5D8C516BF47D}.Debug|ARM64.ActiveCfg = Debug|Any CPU
		{9909F93F-C085-4F76-B92A-5D8C516BF47D}.Debug|ARM64.Build.0 = Debug|Any CPU
		{9909F93F-C085-4F76-B92A-5D8C516BF47D}.Debug|x64.ActiveCfg = Debug|Any CPU
		{9909F93F-C085-4F76-B92A-5D8C516BF47D}.Debug|x64.Build.0 = Debug|Any CPU
		{9909F93F-C085-4F76-B92A-5D8C516BF47D}.Debug|x86.ActiveCfg = Debug|Any CPU
		{9909F93F-C085-4F76-B92A-5D8C516BF47D}.Debug|x86.Build.0 = Debug|Any CPU
		{9909F93F-C085-4F76-B92A-5D8C516BF47D}.Release|Any CPU.ActiveCfg = Release|Any CPU
		{9909F93F-C085-4F76-B92A-5D8C516BF47D}.Release|Any CPU.Build.0 = Release|Any CPU
		{9909F93F-C085-4F76-B92A-5D8C516BF47D}.Release|ARM.ActiveCfg = Release|Any CPU
		{9909F93F-C085-4F76-B92A-5D8C516BF47D}.Release|ARM.Build.0 = Release|Any CPU
		{9909F93F-C085-4F76-B92A-5D8C516BF47D}.Release|ARM64.ActiveCfg = Release|Any CPU
		{9909F93F-C085-4F76-B92A-5D8C516BF47D}.Release|ARM64.Build.0 = Release|Any CPU
		{9909F93F-C085-4F76-B92A-5D8C516BF47D}.Release|x64.ActiveCfg = Release|Any CPU
		{9909F93F-C085-4F76-B92A-5D8C516BF47D}.Release|x64.Build.0 = Release|Any CPU
		{9909F93F-C085-4F76-B92A-5D8C516BF47D}.Release|x86.ActiveCfg = Release|Any CPU
		{9909F93F-C085-4F76-B92A-5D8C516BF47D}.Release|x86.Build.0 = Release|Any CPU
		{DAAC2822-63B6-4DE0-83AE-04873CD2F364}.Debug|Any CPU.ActiveCfg = Debug|Any CPU
		{DAAC2822-63B6-4DE0-83AE-04873CD2F364}.Debug|Any CPU.Build.0 = Debug|Any CPU
		{DAAC2822-63B6-4DE0-83AE-04873CD2F364}.Debug|ARM.ActiveCfg = Debug|Any CPU
		{DAAC2822-63B6-4DE0-83AE-04873CD2F364}.Debug|ARM.Build.0 = Debug|Any CPU
		{DAAC2822-63B6-4DE0-83AE-04873CD2F364}.Debug|ARM64.ActiveCfg = Debug|Any CPU
		{DAAC2822-63B6-4DE0-83AE-04873CD2F364}.Debug|ARM64.Build.0 = Debug|Any CPU
		{DAAC2822-63B6-4DE0-83AE-04873CD2F364}.Debug|x64.ActiveCfg = Debug|Any CPU
		{DAAC2822-63B6-4DE0-83AE-04873CD2F364}.Debug|x64.Build.0 = Debug|Any CPU
		{DAAC2822-63B6-4DE0-83AE-04873CD2F364}.Debug|x86.ActiveCfg = Debug|Any CPU
		{DAAC2822-63B6-4DE0-83AE-04873CD2F364}.Debug|x86.Build.0 = Debug|Any CPU
		{DAAC2822-63B6-4DE0-83AE-04873CD2F364}.Release|Any CPU.ActiveCfg = Release|Any CPU
		{DAAC2822-63B6-4DE0-83AE-04873CD2F364}.Release|Any CPU.Build.0 = Release|Any CPU
		{DAAC2822-63B6-4DE0-83AE-04873CD2F364}.Release|ARM.ActiveCfg = Release|Any CPU
		{DAAC2822-63B6-4DE0-83AE-04873CD2F364}.Release|ARM.Build.0 = Release|Any CPU
		{DAAC2822-63B6-4DE0-83AE-04873CD2F364}.Release|ARM64.ActiveCfg = Release|Any CPU
		{DAAC2822-63B6-4DE0-83AE-04873CD2F364}.Release|ARM64.Build.0 = Release|Any CPU
		{DAAC2822-63B6-4DE0-83AE-04873CD2F364}.Release|x64.ActiveCfg = Release|Any CPU
		{DAAC2822-63B6-4DE0-83AE-04873CD2F364}.Release|x64.Build.0 = Release|Any CPU
		{DAAC2822-63B6-4DE0-83AE-04873CD2F364}.Release|x86.ActiveCfg = Release|Any CPU
		{DAAC2822-63B6-4DE0-83AE-04873CD2F364}.Release|x86.Build.0 = Release|Any CPU
		{F9AEE4C0-9E67-4B87-932E-26EDF0FC932A}.Debug|Any CPU.ActiveCfg = Debug|Any CPU
		{F9AEE4C0-9E67-4B87-932E-26EDF0FC932A}.Debug|Any CPU.Build.0 = Debug|Any CPU
		{F9AEE4C0-9E67-4B87-932E-26EDF0FC932A}.Debug|ARM.ActiveCfg = Debug|Any CPU
		{F9AEE4C0-9E67-4B87-932E-26EDF0FC932A}.Debug|ARM.Build.0 = Debug|Any CPU
		{F9AEE4C0-9E67-4B87-932E-26EDF0FC932A}.Debug|ARM64.ActiveCfg = Debug|Any CPU
		{F9AEE4C0-9E67-4B87-932E-26EDF0FC932A}.Debug|ARM64.Build.0 = Debug|Any CPU
		{F9AEE4C0-9E67-4B87-932E-26EDF0FC932A}.Debug|x64.ActiveCfg = Debug|Any CPU
		{F9AEE4C0-9E67-4B87-932E-26EDF0FC932A}.Debug|x64.Build.0 = Debug|Any CPU
		{F9AEE4C0-9E67-4B87-932E-26EDF0FC932A}.Debug|x86.ActiveCfg = Debug|Any CPU
		{F9AEE4C0-9E67-4B87-932E-26EDF0FC932A}.Debug|x86.Build.0 = Debug|Any CPU
		{F9AEE4C0-9E67-4B87-932E-26EDF0FC932A}.Release|Any CPU.ActiveCfg = Release|Any CPU
		{F9AEE4C0-9E67-4B87-932E-26EDF0FC932A}.Release|Any CPU.Build.0 = Release|Any CPU
		{F9AEE4C0-9E67-4B87-932E-26EDF0FC932A}.Release|ARM.ActiveCfg = Release|Any CPU
		{F9AEE4C0-9E67-4B87-932E-26EDF0FC932A}.Release|ARM.Build.0 = Release|Any CPU
		{F9AEE4C0-9E67-4B87-932E-26EDF0FC932A}.Release|ARM64.ActiveCfg = Release|Any CPU
		{F9AEE4C0-9E67-4B87-932E-26EDF0FC932A}.Release|ARM64.Build.0 = Release|Any CPU
		{F9AEE4C0-9E67-4B87-932E-26EDF0FC932A}.Release|x64.ActiveCfg = Release|Any CPU
		{F9AEE4C0-9E67-4B87-932E-26EDF0FC932A}.Release|x64.Build.0 = Release|Any CPU
		{F9AEE4C0-9E67-4B87-932E-26EDF0FC932A}.Release|x86.ActiveCfg = Release|Any CPU
		{F9AEE4C0-9E67-4B87-932E-26EDF0FC932A}.Release|x86.Build.0 = Release|Any CPU
		{05DB57B8-D0A5-499B-AD35-7093C2E9C9D7}.Debug|Any CPU.ActiveCfg = Debug|Any CPU
		{05DB57B8-D0A5-499B-AD35-7093C2E9C9D7}.Debug|Any CPU.Build.0 = Debug|Any CPU
		{05DB57B8-D0A5-499B-AD35-7093C2E9C9D7}.Debug|ARM.ActiveCfg = Debug|Any CPU
		{05DB57B8-D0A5-499B-AD35-7093C2E9C9D7}.Debug|ARM.Build.0 = Debug|Any CPU
		{05DB57B8-D0A5-499B-AD35-7093C2E9C9D7}.Debug|ARM64.ActiveCfg = Debug|Any CPU
		{05DB57B8-D0A5-499B-AD35-7093C2E9C9D7}.Debug|ARM64.Build.0 = Debug|Any CPU
		{05DB57B8-D0A5-499B-AD35-7093C2E9C9D7}.Debug|x64.ActiveCfg = Debug|Any CPU
		{05DB57B8-D0A5-499B-AD35-7093C2E9C9D7}.Debug|x64.Build.0 = Debug|Any CPU
		{05DB57B8-D0A5-499B-AD35-7093C2E9C9D7}.Debug|x86.ActiveCfg = Debug|Any CPU
		{05DB57B8-D0A5-499B-AD35-7093C2E9C9D7}.Debug|x86.Build.0 = Debug|Any CPU
		{05DB57B8-D0A5-499B-AD35-7093C2E9C9D7}.Release|Any CPU.ActiveCfg = Release|Any CPU
		{05DB57B8-D0A5-499B-AD35-7093C2E9C9D7}.Release|Any CPU.Build.0 = Release|Any CPU
		{05DB57B8-D0A5-499B-AD35-7093C2E9C9D7}.Release|ARM.ActiveCfg = Release|Any CPU
		{05DB57B8-D0A5-499B-AD35-7093C2E9C9D7}.Release|ARM.Build.0 = Release|Any CPU
		{05DB57B8-D0A5-499B-AD35-7093C2E9C9D7}.Release|ARM64.ActiveCfg = Release|Any CPU
		{05DB57B8-D0A5-499B-AD35-7093C2E9C9D7}.Release|ARM64.Build.0 = Release|Any CPU
		{05DB57B8-D0A5-499B-AD35-7093C2E9C9D7}.Release|x64.ActiveCfg = Release|Any CPU
		{05DB57B8-D0A5-499B-AD35-7093C2E9C9D7}.Release|x64.Build.0 = Release|Any CPU
		{05DB57B8-D0A5-499B-AD35-7093C2E9C9D7}.Release|x86.ActiveCfg = Release|Any CPU
		{05DB57B8-D0A5-499B-AD35-7093C2E9C9D7}.Release|x86.Build.0 = Release|Any CPU
		{68CD28B2-D943-4F9D-82F6-FC48593E4C12}.Debug|Any CPU.ActiveCfg = Debug|Any CPU
		{68CD28B2-D943-4F9D-82F6-FC48593E4C12}.Debug|Any CPU.Build.0 = Debug|Any CPU
		{68CD28B2-D943-4F9D-82F6-FC48593E4C12}.Debug|Any CPU.Deploy.0 = Debug|Any CPU
		{68CD28B2-D943-4F9D-82F6-FC48593E4C12}.Debug|ARM.ActiveCfg = Debug|Any CPU
		{68CD28B2-D943-4F9D-82F6-FC48593E4C12}.Debug|ARM.Build.0 = Debug|Any CPU
		{68CD28B2-D943-4F9D-82F6-FC48593E4C12}.Debug|ARM.Deploy.0 = Debug|Any CPU
		{68CD28B2-D943-4F9D-82F6-FC48593E4C12}.Debug|ARM64.ActiveCfg = Debug|Any CPU
		{68CD28B2-D943-4F9D-82F6-FC48593E4C12}.Debug|ARM64.Build.0 = Debug|Any CPU
		{68CD28B2-D943-4F9D-82F6-FC48593E4C12}.Debug|ARM64.Deploy.0 = Debug|Any CPU
		{68CD28B2-D943-4F9D-82F6-FC48593E4C12}.Debug|x64.ActiveCfg = Debug|Any CPU
		{68CD28B2-D943-4F9D-82F6-FC48593E4C12}.Debug|x64.Build.0 = Debug|Any CPU
		{68CD28B2-D943-4F9D-82F6-FC48593E4C12}.Debug|x64.Deploy.0 = Debug|Any CPU
		{68CD28B2-D943-4F9D-82F6-FC48593E4C12}.Debug|x86.ActiveCfg = Debug|Any CPU
		{68CD28B2-D943-4F9D-82F6-FC48593E4C12}.Debug|x86.Build.0 = Debug|Any CPU
		{68CD28B2-D943-4F9D-82F6-FC48593E4C12}.Debug|x86.Deploy.0 = Debug|Any CPU
		{68CD28B2-D943-4F9D-82F6-FC48593E4C12}.Release|Any CPU.ActiveCfg = Release|Any CPU
		{68CD28B2-D943-4F9D-82F6-FC48593E4C12}.Release|Any CPU.Build.0 = Release|Any CPU
		{68CD28B2-D943-4F9D-82F6-FC48593E4C12}.Release|Any CPU.Deploy.0 = Release|Any CPU
		{68CD28B2-D943-4F9D-82F6-FC48593E4C12}.Release|ARM.ActiveCfg = Release|Any CPU
		{68CD28B2-D943-4F9D-82F6-FC48593E4C12}.Release|ARM.Build.0 = Release|Any CPU
		{68CD28B2-D943-4F9D-82F6-FC48593E4C12}.Release|ARM.Deploy.0 = Release|Any CPU
		{68CD28B2-D943-4F9D-82F6-FC48593E4C12}.Release|ARM64.ActiveCfg = Release|Any CPU
		{68CD28B2-D943-4F9D-82F6-FC48593E4C12}.Release|ARM64.Build.0 = Release|Any CPU
		{68CD28B2-D943-4F9D-82F6-FC48593E4C12}.Release|ARM64.Deploy.0 = Release|Any CPU
		{68CD28B2-D943-4F9D-82F6-FC48593E4C12}.Release|x64.ActiveCfg = Release|Any CPU
		{68CD28B2-D943-4F9D-82F6-FC48593E4C12}.Release|x64.Build.0 = Release|Any CPU
		{68CD28B2-D943-4F9D-82F6-FC48593E4C12}.Release|x64.Deploy.0 = Release|Any CPU
		{68CD28B2-D943-4F9D-82F6-FC48593E4C12}.Release|x86.ActiveCfg = Release|Any CPU
		{68CD28B2-D943-4F9D-82F6-FC48593E4C12}.Release|x86.Build.0 = Release|Any CPU
		{68CD28B2-D943-4F9D-82F6-FC48593E4C12}.Release|x86.Deploy.0 = Release|Any CPU
		{6A3F2B7E-1F2F-4835-BE99-4363C04F25F2}.Debug|Any CPU.ActiveCfg = Debug|x64
		{6A3F2B7E-1F2F-4835-BE99-4363C04F25F2}.Debug|Any CPU.Build.0 = Debug|x64
		{6A3F2B7E-1F2F-4835-BE99-4363C04F25F2}.Debug|Any CPU.Deploy.0 = Debug|x64
		{6A3F2B7E-1F2F-4835-BE99-4363C04F25F2}.Debug|ARM.ActiveCfg = Debug|ARM
		{6A3F2B7E-1F2F-4835-BE99-4363C04F25F2}.Debug|ARM.Build.0 = Debug|ARM
		{6A3F2B7E-1F2F-4835-BE99-4363C04F25F2}.Debug|ARM.Deploy.0 = Debug|ARM
		{6A3F2B7E-1F2F-4835-BE99-4363C04F25F2}.Debug|ARM64.ActiveCfg = Debug|ARM64
		{6A3F2B7E-1F2F-4835-BE99-4363C04F25F2}.Debug|ARM64.Build.0 = Debug|ARM64
		{6A3F2B7E-1F2F-4835-BE99-4363C04F25F2}.Debug|ARM64.Deploy.0 = Debug|ARM64
		{6A3F2B7E-1F2F-4835-BE99-4363C04F25F2}.Debug|x64.ActiveCfg = Debug|x64
		{6A3F2B7E-1F2F-4835-BE99-4363C04F25F2}.Debug|x64.Build.0 = Debug|x64
		{6A3F2B7E-1F2F-4835-BE99-4363C04F25F2}.Debug|x64.Deploy.0 = Debug|x64
		{6A3F2B7E-1F2F-4835-BE99-4363C04F25F2}.Debug|x86.ActiveCfg = Debug|x86
		{6A3F2B7E-1F2F-4835-BE99-4363C04F25F2}.Debug|x86.Build.0 = Debug|x86
		{6A3F2B7E-1F2F-4835-BE99-4363C04F25F2}.Debug|x86.Deploy.0 = Debug|x86
		{6A3F2B7E-1F2F-4835-BE99-4363C04F25F2}.Release|Any CPU.ActiveCfg = Release|x64
		{6A3F2B7E-1F2F-4835-BE99-4363C04F25F2}.Release|Any CPU.Build.0 = Release|x64
		{6A3F2B7E-1F2F-4835-BE99-4363C04F25F2}.Release|Any CPU.Deploy.0 = Release|x64
		{6A3F2B7E-1F2F-4835-BE99-4363C04F25F2}.Release|ARM.ActiveCfg = Release|ARM
		{6A3F2B7E-1F2F-4835-BE99-4363C04F25F2}.Release|ARM.Build.0 = Release|ARM
		{6A3F2B7E-1F2F-4835-BE99-4363C04F25F2}.Release|ARM.Deploy.0 = Release|ARM
		{6A3F2B7E-1F2F-4835-BE99-4363C04F25F2}.Release|ARM64.ActiveCfg = Release|ARM64
		{6A3F2B7E-1F2F-4835-BE99-4363C04F25F2}.Release|ARM64.Build.0 = Release|ARM64
		{6A3F2B7E-1F2F-4835-BE99-4363C04F25F2}.Release|ARM64.Deploy.0 = Release|ARM64
		{6A3F2B7E-1F2F-4835-BE99-4363C04F25F2}.Release|x64.ActiveCfg = Release|x64
		{6A3F2B7E-1F2F-4835-BE99-4363C04F25F2}.Release|x64.Build.0 = Release|x64
		{6A3F2B7E-1F2F-4835-BE99-4363C04F25F2}.Release|x64.Deploy.0 = Release|x64
		{6A3F2B7E-1F2F-4835-BE99-4363C04F25F2}.Release|x86.ActiveCfg = Release|x86
		{6A3F2B7E-1F2F-4835-BE99-4363C04F25F2}.Release|x86.Build.0 = Release|x86
		{6A3F2B7E-1F2F-4835-BE99-4363C04F25F2}.Release|x86.Deploy.0 = Release|x86
		{46BBC8DC-35EA-4D54-8BEA-F3B439F28195}.Debug|Any CPU.ActiveCfg = Debug|Any CPU
		{46BBC8DC-35EA-4D54-8BEA-F3B439F28195}.Debug|Any CPU.Build.0 = Debug|Any CPU
		{46BBC8DC-35EA-4D54-8BEA-F3B439F28195}.Debug|ARM.ActiveCfg = Debug|Any CPU
		{46BBC8DC-35EA-4D54-8BEA-F3B439F28195}.Debug|ARM.Build.0 = Debug|Any CPU
		{46BBC8DC-35EA-4D54-8BEA-F3B439F28195}.Debug|ARM64.ActiveCfg = Debug|Any CPU
		{46BBC8DC-35EA-4D54-8BEA-F3B439F28195}.Debug|ARM64.Build.0 = Debug|Any CPU
		{46BBC8DC-35EA-4D54-8BEA-F3B439F28195}.Debug|x64.ActiveCfg = Debug|Any CPU
		{46BBC8DC-35EA-4D54-8BEA-F3B439F28195}.Debug|x64.Build.0 = Debug|Any CPU
		{46BBC8DC-35EA-4D54-8BEA-F3B439F28195}.Debug|x86.ActiveCfg = Debug|Any CPU
		{46BBC8DC-35EA-4D54-8BEA-F3B439F28195}.Debug|x86.Build.0 = Debug|Any CPU
		{46BBC8DC-35EA-4D54-8BEA-F3B439F28195}.Release|Any CPU.ActiveCfg = Release|Any CPU
		{46BBC8DC-35EA-4D54-8BEA-F3B439F28195}.Release|Any CPU.Build.0 = Release|Any CPU
		{46BBC8DC-35EA-4D54-8BEA-F3B439F28195}.Release|ARM.ActiveCfg = Release|Any CPU
		{46BBC8DC-35EA-4D54-8BEA-F3B439F28195}.Release|ARM.Build.0 = Release|Any CPU
		{46BBC8DC-35EA-4D54-8BEA-F3B439F28195}.Release|ARM64.ActiveCfg = Release|Any CPU
		{46BBC8DC-35EA-4D54-8BEA-F3B439F28195}.Release|ARM64.Build.0 = Release|Any CPU
		{46BBC8DC-35EA-4D54-8BEA-F3B439F28195}.Release|x64.ActiveCfg = Release|Any CPU
		{46BBC8DC-35EA-4D54-8BEA-F3B439F28195}.Release|x64.Build.0 = Release|Any CPU
		{46BBC8DC-35EA-4D54-8BEA-F3B439F28195}.Release|x86.ActiveCfg = Release|Any CPU
		{46BBC8DC-35EA-4D54-8BEA-F3B439F28195}.Release|x86.Build.0 = Release|Any CPU
		{9860A73F-8088-4561-94BD-5D74599D2538}.Debug|Any CPU.ActiveCfg = Debug|Any CPU
		{9860A73F-8088-4561-94BD-5D74599D2538}.Debug|Any CPU.Build.0 = Debug|Any CPU
		{9860A73F-8088-4561-94BD-5D74599D2538}.Debug|ARM.ActiveCfg = Debug|Any CPU
		{9860A73F-8088-4561-94BD-5D74599D2538}.Debug|ARM.Build.0 = Debug|Any CPU
		{9860A73F-8088-4561-94BD-5D74599D2538}.Debug|ARM64.ActiveCfg = Debug|Any CPU
		{9860A73F-8088-4561-94BD-5D74599D2538}.Debug|ARM64.Build.0 = Debug|Any CPU
		{9860A73F-8088-4561-94BD-5D74599D2538}.Debug|x64.ActiveCfg = Debug|Any CPU
		{9860A73F-8088-4561-94BD-5D74599D2538}.Debug|x64.Build.0 = Debug|Any CPU
		{9860A73F-8088-4561-94BD-5D74599D2538}.Debug|x86.ActiveCfg = Debug|Any CPU
		{9860A73F-8088-4561-94BD-5D74599D2538}.Debug|x86.Build.0 = Debug|Any CPU
		{9860A73F-8088-4561-94BD-5D74599D2538}.Release|Any CPU.ActiveCfg = Release|Any CPU
		{9860A73F-8088-4561-94BD-5D74599D2538}.Release|Any CPU.Build.0 = Release|Any CPU
		{9860A73F-8088-4561-94BD-5D74599D2538}.Release|ARM.ActiveCfg = Release|Any CPU
		{9860A73F-8088-4561-94BD-5D74599D2538}.Release|ARM.Build.0 = Release|Any CPU
		{9860A73F-8088-4561-94BD-5D74599D2538}.Release|ARM64.ActiveCfg = Release|Any CPU
		{9860A73F-8088-4561-94BD-5D74599D2538}.Release|ARM64.Build.0 = Release|Any CPU
		{9860A73F-8088-4561-94BD-5D74599D2538}.Release|x64.ActiveCfg = Release|Any CPU
		{9860A73F-8088-4561-94BD-5D74599D2538}.Release|x64.Build.0 = Release|Any CPU
		{9860A73F-8088-4561-94BD-5D74599D2538}.Release|x86.ActiveCfg = Release|Any CPU
		{9860A73F-8088-4561-94BD-5D74599D2538}.Release|x86.Build.0 = Release|Any CPU
		{D3563350-206D-43B7-95E9-1F82C4F56EE5}.Debug|Any CPU.ActiveCfg = Debug|Any CPU
		{D3563350-206D-43B7-95E9-1F82C4F56EE5}.Debug|Any CPU.Build.0 = Debug|Any CPU
		{D3563350-206D-43B7-95E9-1F82C4F56EE5}.Debug|ARM.ActiveCfg = Debug|Any CPU
		{D3563350-206D-43B7-95E9-1F82C4F56EE5}.Debug|ARM.Build.0 = Debug|Any CPU
		{D3563350-206D-43B7-95E9-1F82C4F56EE5}.Debug|ARM64.ActiveCfg = Debug|Any CPU
		{D3563350-206D-43B7-95E9-1F82C4F56EE5}.Debug|ARM64.Build.0 = Debug|Any CPU
		{D3563350-206D-43B7-95E9-1F82C4F56EE5}.Debug|x64.ActiveCfg = Debug|Any CPU
		{D3563350-206D-43B7-95E9-1F82C4F56EE5}.Debug|x64.Build.0 = Debug|Any CPU
		{D3563350-206D-43B7-95E9-1F82C4F56EE5}.Debug|x86.ActiveCfg = Debug|Any CPU
		{D3563350-206D-43B7-95E9-1F82C4F56EE5}.Debug|x86.Build.0 = Debug|Any CPU
		{D3563350-206D-43B7-95E9-1F82C4F56EE5}.Release|Any CPU.ActiveCfg = Release|Any CPU
		{D3563350-206D-43B7-95E9-1F82C4F56EE5}.Release|Any CPU.Build.0 = Release|Any CPU
		{D3563350-206D-43B7-95E9-1F82C4F56EE5}.Release|ARM.ActiveCfg = Release|Any CPU
		{D3563350-206D-43B7-95E9-1F82C4F56EE5}.Release|ARM.Build.0 = Release|Any CPU
		{D3563350-206D-43B7-95E9-1F82C4F56EE5}.Release|ARM64.ActiveCfg = Release|Any CPU
		{D3563350-206D-43B7-95E9-1F82C4F56EE5}.Release|ARM64.Build.0 = Release|Any CPU
		{D3563350-206D-43B7-95E9-1F82C4F56EE5}.Release|x64.ActiveCfg = Release|Any CPU
		{D3563350-206D-43B7-95E9-1F82C4F56EE5}.Release|x64.Build.0 = Release|Any CPU
		{D3563350-206D-43B7-95E9-1F82C4F56EE5}.Release|x86.ActiveCfg = Release|Any CPU
		{D3563350-206D-43B7-95E9-1F82C4F56EE5}.Release|x86.Build.0 = Release|Any CPU
		{D02B5DCF-E7FB-421A-B46B-2DCAC087C62B}.Debug|Any CPU.ActiveCfg = Debug|Any CPU
		{D02B5DCF-E7FB-421A-B46B-2DCAC087C62B}.Debug|Any CPU.Build.0 = Debug|Any CPU
		{D02B5DCF-E7FB-421A-B46B-2DCAC087C62B}.Debug|ARM.ActiveCfg = Debug|Any CPU
		{D02B5DCF-E7FB-421A-B46B-2DCAC087C62B}.Debug|ARM.Build.0 = Debug|Any CPU
		{D02B5DCF-E7FB-421A-B46B-2DCAC087C62B}.Debug|ARM64.ActiveCfg = Debug|Any CPU
		{D02B5DCF-E7FB-421A-B46B-2DCAC087C62B}.Debug|ARM64.Build.0 = Debug|Any CPU
		{D02B5DCF-E7FB-421A-B46B-2DCAC087C62B}.Debug|x64.ActiveCfg = Debug|Any CPU
		{D02B5DCF-E7FB-421A-B46B-2DCAC087C62B}.Debug|x64.Build.0 = Debug|Any CPU
		{D02B5DCF-E7FB-421A-B46B-2DCAC087C62B}.Debug|x86.ActiveCfg = Debug|x86
		{D02B5DCF-E7FB-421A-B46B-2DCAC087C62B}.Debug|x86.Build.0 = Debug|x86
		{D02B5DCF-E7FB-421A-B46B-2DCAC087C62B}.Release|Any CPU.ActiveCfg = Release|Any CPU
		{D02B5DCF-E7FB-421A-B46B-2DCAC087C62B}.Release|Any CPU.Build.0 = Release|Any CPU
		{D02B5DCF-E7FB-421A-B46B-2DCAC087C62B}.Release|ARM.ActiveCfg = Release|Any CPU
		{D02B5DCF-E7FB-421A-B46B-2DCAC087C62B}.Release|ARM.Build.0 = Release|Any CPU
		{D02B5DCF-E7FB-421A-B46B-2DCAC087C62B}.Release|ARM64.ActiveCfg = Release|Any CPU
		{D02B5DCF-E7FB-421A-B46B-2DCAC087C62B}.Release|ARM64.Build.0 = Release|Any CPU
		{D02B5DCF-E7FB-421A-B46B-2DCAC087C62B}.Release|x64.ActiveCfg = Release|Any CPU
		{D02B5DCF-E7FB-421A-B46B-2DCAC087C62B}.Release|x64.Build.0 = Release|Any CPU
		{D02B5DCF-E7FB-421A-B46B-2DCAC087C62B}.Release|x86.ActiveCfg = Release|x86
		{D02B5DCF-E7FB-421A-B46B-2DCAC087C62B}.Release|x86.Build.0 = Release|x86
		{EFA03CC1-17FC-44D9-8708-5B75E2DA9210}.Debug|Any CPU.ActiveCfg = Debug|Any CPU
		{EFA03CC1-17FC-44D9-8708-5B75E2DA9210}.Debug|Any CPU.Build.0 = Debug|Any CPU
		{EFA03CC1-17FC-44D9-8708-5B75E2DA9210}.Debug|ARM.ActiveCfg = Debug|Any CPU
		{EFA03CC1-17FC-44D9-8708-5B75E2DA9210}.Debug|ARM.Build.0 = Debug|Any CPU
		{EFA03CC1-17FC-44D9-8708-5B75E2DA9210}.Debug|ARM64.ActiveCfg = Debug|Any CPU
		{EFA03CC1-17FC-44D9-8708-5B75E2DA9210}.Debug|ARM64.Build.0 = Debug|Any CPU
		{EFA03CC1-17FC-44D9-8708-5B75E2DA9210}.Debug|x64.ActiveCfg = Debug|Any CPU
		{EFA03CC1-17FC-44D9-8708-5B75E2DA9210}.Debug|x64.Build.0 = Debug|Any CPU
		{EFA03CC1-17FC-44D9-8708-5B75E2DA9210}.Debug|x86.ActiveCfg = Debug|Any CPU
		{EFA03CC1-17FC-44D9-8708-5B75E2DA9210}.Debug|x86.Build.0 = Debug|Any CPU
		{EFA03CC1-17FC-44D9-8708-5B75E2DA9210}.Release|Any CPU.ActiveCfg = Release|Any CPU
		{EFA03CC1-17FC-44D9-8708-5B75E2DA9210}.Release|Any CPU.Build.0 = Release|Any CPU
		{EFA03CC1-17FC-44D9-8708-5B75E2DA9210}.Release|ARM.ActiveCfg = Release|Any CPU
		{EFA03CC1-17FC-44D9-8708-5B75E2DA9210}.Release|ARM.Build.0 = Release|Any CPU
		{EFA03CC1-17FC-44D9-8708-5B75E2DA9210}.Release|ARM64.ActiveCfg = Release|Any CPU
		{EFA03CC1-17FC-44D9-8708-5B75E2DA9210}.Release|ARM64.Build.0 = Release|Any CPU
		{EFA03CC1-17FC-44D9-8708-5B75E2DA9210}.Release|x64.ActiveCfg = Release|Any CPU
		{EFA03CC1-17FC-44D9-8708-5B75E2DA9210}.Release|x64.Build.0 = Release|Any CPU
		{EFA03CC1-17FC-44D9-8708-5B75E2DA9210}.Release|x86.ActiveCfg = Release|Any CPU
		{EFA03CC1-17FC-44D9-8708-5B75E2DA9210}.Release|x86.Build.0 = Release|Any CPU
		{B7809419-2778-4FB6-B5D6-742988CD3766}.Debug|Any CPU.ActiveCfg = Debug|Any CPU
		{B7809419-2778-4FB6-B5D6-742988CD3766}.Debug|Any CPU.Build.0 = Debug|Any CPU
		{B7809419-2778-4FB6-B5D6-742988CD3766}.Debug|ARM.ActiveCfg = Debug|Any CPU
		{B7809419-2778-4FB6-B5D6-742988CD3766}.Debug|ARM.Build.0 = Debug|Any CPU
		{B7809419-2778-4FB6-B5D6-742988CD3766}.Debug|ARM64.ActiveCfg = Debug|Any CPU
		{B7809419-2778-4FB6-B5D6-742988CD3766}.Debug|ARM64.Build.0 = Debug|Any CPU
		{B7809419-2778-4FB6-B5D6-742988CD3766}.Debug|x64.ActiveCfg = Debug|Any CPU
		{B7809419-2778-4FB6-B5D6-742988CD3766}.Debug|x64.Build.0 = Debug|Any CPU
		{B7809419-2778-4FB6-B5D6-742988CD3766}.Debug|x86.ActiveCfg = Debug|Any CPU
		{B7809419-2778-4FB6-B5D6-742988CD3766}.Debug|x86.Build.0 = Debug|Any CPU
		{B7809419-2778-4FB6-B5D6-742988CD3766}.Release|Any CPU.ActiveCfg = Release|Any CPU
		{B7809419-2778-4FB6-B5D6-742988CD3766}.Release|Any CPU.Build.0 = Release|Any CPU
		{B7809419-2778-4FB6-B5D6-742988CD3766}.Release|ARM.ActiveCfg = Release|Any CPU
		{B7809419-2778-4FB6-B5D6-742988CD3766}.Release|ARM.Build.0 = Release|Any CPU
		{B7809419-2778-4FB6-B5D6-742988CD3766}.Release|ARM64.ActiveCfg = Release|Any CPU
		{B7809419-2778-4FB6-B5D6-742988CD3766}.Release|ARM64.Build.0 = Release|Any CPU
		{B7809419-2778-4FB6-B5D6-742988CD3766}.Release|x64.ActiveCfg = Release|Any CPU
		{B7809419-2778-4FB6-B5D6-742988CD3766}.Release|x64.Build.0 = Release|Any CPU
		{B7809419-2778-4FB6-B5D6-742988CD3766}.Release|x86.ActiveCfg = Release|Any CPU
		{B7809419-2778-4FB6-B5D6-742988CD3766}.Release|x86.Build.0 = Release|Any CPU
		{EEF36B5D-6D8E-4C4B-B89B-6BF895B9C46C}.Debug|Any CPU.ActiveCfg = Debug|Any CPU
		{EEF36B5D-6D8E-4C4B-B89B-6BF895B9C46C}.Debug|Any CPU.Build.0 = Debug|Any CPU
		{EEF36B5D-6D8E-4C4B-B89B-6BF895B9C46C}.Debug|ARM.ActiveCfg = Debug|Any CPU
		{EEF36B5D-6D8E-4C4B-B89B-6BF895B9C46C}.Debug|ARM.Build.0 = Debug|Any CPU
		{EEF36B5D-6D8E-4C4B-B89B-6BF895B9C46C}.Debug|ARM64.ActiveCfg = Debug|Any CPU
		{EEF36B5D-6D8E-4C4B-B89B-6BF895B9C46C}.Debug|ARM64.Build.0 = Debug|Any CPU
		{EEF36B5D-6D8E-4C4B-B89B-6BF895B9C46C}.Debug|x64.ActiveCfg = Debug|Any CPU
		{EEF36B5D-6D8E-4C4B-B89B-6BF895B9C46C}.Debug|x64.Build.0 = Debug|Any CPU
		{EEF36B5D-6D8E-4C4B-B89B-6BF895B9C46C}.Debug|x86.ActiveCfg = Debug|Any CPU
		{EEF36B5D-6D8E-4C4B-B89B-6BF895B9C46C}.Debug|x86.Build.0 = Debug|Any CPU
		{EEF36B5D-6D8E-4C4B-B89B-6BF895B9C46C}.Release|Any CPU.ActiveCfg = Release|Any CPU
		{EEF36B5D-6D8E-4C4B-B89B-6BF895B9C46C}.Release|Any CPU.Build.0 = Release|Any CPU
		{EEF36B5D-6D8E-4C4B-B89B-6BF895B9C46C}.Release|ARM.ActiveCfg = Release|Any CPU
		{EEF36B5D-6D8E-4C4B-B89B-6BF895B9C46C}.Release|ARM.Build.0 = Release|Any CPU
		{EEF36B5D-6D8E-4C4B-B89B-6BF895B9C46C}.Release|ARM64.ActiveCfg = Release|Any CPU
		{EEF36B5D-6D8E-4C4B-B89B-6BF895B9C46C}.Release|ARM64.Build.0 = Release|Any CPU
		{EEF36B5D-6D8E-4C4B-B89B-6BF895B9C46C}.Release|x64.ActiveCfg = Release|Any CPU
		{EEF36B5D-6D8E-4C4B-B89B-6BF895B9C46C}.Release|x64.Build.0 = Release|Any CPU
		{EEF36B5D-6D8E-4C4B-B89B-6BF895B9C46C}.Release|x86.ActiveCfg = Release|Any CPU
		{EEF36B5D-6D8E-4C4B-B89B-6BF895B9C46C}.Release|x86.Build.0 = Release|Any CPU
		{44CDE56A-3A86-4C5A-B1C8-2A4951F8F89C}.Debug|Any CPU.ActiveCfg = Debug|Any CPU
		{44CDE56A-3A86-4C5A-B1C8-2A4951F8F89C}.Debug|Any CPU.Build.0 = Debug|Any CPU
		{44CDE56A-3A86-4C5A-B1C8-2A4951F8F89C}.Debug|ARM.ActiveCfg = Debug|Any CPU
		{44CDE56A-3A86-4C5A-B1C8-2A4951F8F89C}.Debug|ARM.Build.0 = Debug|Any CPU
		{44CDE56A-3A86-4C5A-B1C8-2A4951F8F89C}.Debug|ARM64.ActiveCfg = Debug|Any CPU
		{44CDE56A-3A86-4C5A-B1C8-2A4951F8F89C}.Debug|ARM64.Build.0 = Debug|Any CPU
		{44CDE56A-3A86-4C5A-B1C8-2A4951F8F89C}.Debug|x64.ActiveCfg = Debug|Any CPU
		{44CDE56A-3A86-4C5A-B1C8-2A4951F8F89C}.Debug|x64.Build.0 = Debug|Any CPU
		{44CDE56A-3A86-4C5A-B1C8-2A4951F8F89C}.Debug|x86.ActiveCfg = Debug|Any CPU
		{44CDE56A-3A86-4C5A-B1C8-2A4951F8F89C}.Debug|x86.Build.0 = Debug|Any CPU
		{44CDE56A-3A86-4C5A-B1C8-2A4951F8F89C}.Release|Any CPU.ActiveCfg = Release|Any CPU
		{44CDE56A-3A86-4C5A-B1C8-2A4951F8F89C}.Release|Any CPU.Build.0 = Release|Any CPU
		{44CDE56A-3A86-4C5A-B1C8-2A4951F8F89C}.Release|ARM.ActiveCfg = Release|Any CPU
		{44CDE56A-3A86-4C5A-B1C8-2A4951F8F89C}.Release|ARM.Build.0 = Release|Any CPU
		{44CDE56A-3A86-4C5A-B1C8-2A4951F8F89C}.Release|ARM64.ActiveCfg = Release|Any CPU
		{44CDE56A-3A86-4C5A-B1C8-2A4951F8F89C}.Release|ARM64.Build.0 = Release|Any CPU
		{44CDE56A-3A86-4C5A-B1C8-2A4951F8F89C}.Release|x64.ActiveCfg = Release|Any CPU
		{44CDE56A-3A86-4C5A-B1C8-2A4951F8F89C}.Release|x64.Build.0 = Release|Any CPU
		{44CDE56A-3A86-4C5A-B1C8-2A4951F8F89C}.Release|x86.ActiveCfg = Release|Any CPU
		{44CDE56A-3A86-4C5A-B1C8-2A4951F8F89C}.Release|x86.Build.0 = Release|Any CPU
		{01362E98-2365-47BE-BDA9-BAE2990D51A5}.Debug|Any CPU.ActiveCfg = Debug|Any CPU
		{01362E98-2365-47BE-BDA9-BAE2990D51A5}.Debug|Any CPU.Build.0 = Debug|Any CPU
		{01362E98-2365-47BE-BDA9-BAE2990D51A5}.Debug|ARM.ActiveCfg = Debug|Any CPU
		{01362E98-2365-47BE-BDA9-BAE2990D51A5}.Debug|ARM.Build.0 = Debug|Any CPU
		{01362E98-2365-47BE-BDA9-BAE2990D51A5}.Debug|ARM64.ActiveCfg = Debug|Any CPU
		{01362E98-2365-47BE-BDA9-BAE2990D51A5}.Debug|ARM64.Build.0 = Debug|Any CPU
		{01362E98-2365-47BE-BDA9-BAE2990D51A5}.Debug|x64.ActiveCfg = Debug|Any CPU
		{01362E98-2365-47BE-BDA9-BAE2990D51A5}.Debug|x64.Build.0 = Debug|Any CPU
		{01362E98-2365-47BE-BDA9-BAE2990D51A5}.Debug|x86.ActiveCfg = Debug|Any CPU
		{01362E98-2365-47BE-BDA9-BAE2990D51A5}.Debug|x86.Build.0 = Debug|Any CPU
		{01362E98-2365-47BE-BDA9-BAE2990D51A5}.Release|Any CPU.ActiveCfg = Release|Any CPU
		{01362E98-2365-47BE-BDA9-BAE2990D51A5}.Release|Any CPU.Build.0 = Release|Any CPU
		{01362E98-2365-47BE-BDA9-BAE2990D51A5}.Release|ARM.ActiveCfg = Release|Any CPU
		{01362E98-2365-47BE-BDA9-BAE2990D51A5}.Release|ARM.Build.0 = Release|Any CPU
		{01362E98-2365-47BE-BDA9-BAE2990D51A5}.Release|ARM64.ActiveCfg = Release|Any CPU
		{01362E98-2365-47BE-BDA9-BAE2990D51A5}.Release|ARM64.Build.0 = Release|Any CPU
		{01362E98-2365-47BE-BDA9-BAE2990D51A5}.Release|x64.ActiveCfg = Release|Any CPU
		{01362E98-2365-47BE-BDA9-BAE2990D51A5}.Release|x64.Build.0 = Release|Any CPU
		{01362E98-2365-47BE-BDA9-BAE2990D51A5}.Release|x86.ActiveCfg = Release|Any CPU
		{01362E98-2365-47BE-BDA9-BAE2990D51A5}.Release|x86.Build.0 = Release|Any CPU
		{1A41FC4A-729A-489F-A3B0-F057101C18EC}.Debug|Any CPU.ActiveCfg = Debug|Any CPU
		{1A41FC4A-729A-489F-A3B0-F057101C18EC}.Debug|Any CPU.Build.0 = Debug|Any CPU
		{1A41FC4A-729A-489F-A3B0-F057101C18EC}.Debug|ARM.ActiveCfg = Debug|Any CPU
		{1A41FC4A-729A-489F-A3B0-F057101C18EC}.Debug|ARM.Build.0 = Debug|Any CPU
		{1A41FC4A-729A-489F-A3B0-F057101C18EC}.Debug|ARM64.ActiveCfg = Debug|Any CPU
		{1A41FC4A-729A-489F-A3B0-F057101C18EC}.Debug|ARM64.Build.0 = Debug|Any CPU
		{1A41FC4A-729A-489F-A3B0-F057101C18EC}.Debug|x64.ActiveCfg = Debug|Any CPU
		{1A41FC4A-729A-489F-A3B0-F057101C18EC}.Debug|x64.Build.0 = Debug|Any CPU
		{1A41FC4A-729A-489F-A3B0-F057101C18EC}.Debug|x86.ActiveCfg = Debug|Any CPU
		{1A41FC4A-729A-489F-A3B0-F057101C18EC}.Debug|x86.Build.0 = Debug|Any CPU
		{1A41FC4A-729A-489F-A3B0-F057101C18EC}.Release|Any CPU.ActiveCfg = Release|Any CPU
		{1A41FC4A-729A-489F-A3B0-F057101C18EC}.Release|Any CPU.Build.0 = Release|Any CPU
		{1A41FC4A-729A-489F-A3B0-F057101C18EC}.Release|ARM.ActiveCfg = Release|Any CPU
		{1A41FC4A-729A-489F-A3B0-F057101C18EC}.Release|ARM.Build.0 = Release|Any CPU
		{1A41FC4A-729A-489F-A3B0-F057101C18EC}.Release|ARM64.ActiveCfg = Release|Any CPU
		{1A41FC4A-729A-489F-A3B0-F057101C18EC}.Release|ARM64.Build.0 = Release|Any CPU
		{1A41FC4A-729A-489F-A3B0-F057101C18EC}.Release|x64.ActiveCfg = Release|Any CPU
		{1A41FC4A-729A-489F-A3B0-F057101C18EC}.Release|x64.Build.0 = Release|Any CPU
		{1A41FC4A-729A-489F-A3B0-F057101C18EC}.Release|x86.ActiveCfg = Release|Any CPU
		{1A41FC4A-729A-489F-A3B0-F057101C18EC}.Release|x86.Build.0 = Release|Any CPU
		{3E1E7C66-E08F-4CDF-AF78-85F81036472D}.Debug|Any CPU.ActiveCfg = Debug|Any CPU
		{3E1E7C66-E08F-4CDF-AF78-85F81036472D}.Debug|Any CPU.Build.0 = Debug|Any CPU
		{3E1E7C66-E08F-4CDF-AF78-85F81036472D}.Debug|ARM.ActiveCfg = Debug|Any CPU
		{3E1E7C66-E08F-4CDF-AF78-85F81036472D}.Debug|ARM.Build.0 = Debug|Any CPU
		{3E1E7C66-E08F-4CDF-AF78-85F81036472D}.Debug|ARM64.ActiveCfg = Debug|Any CPU
		{3E1E7C66-E08F-4CDF-AF78-85F81036472D}.Debug|ARM64.Build.0 = Debug|Any CPU
		{3E1E7C66-E08F-4CDF-AF78-85F81036472D}.Debug|x64.ActiveCfg = Debug|Any CPU
		{3E1E7C66-E08F-4CDF-AF78-85F81036472D}.Debug|x64.Build.0 = Debug|Any CPU
		{3E1E7C66-E08F-4CDF-AF78-85F81036472D}.Debug|x86.ActiveCfg = Debug|Any CPU
		{3E1E7C66-E08F-4CDF-AF78-85F81036472D}.Debug|x86.Build.0 = Debug|Any CPU
		{3E1E7C66-E08F-4CDF-AF78-85F81036472D}.Release|Any CPU.ActiveCfg = Release|Any CPU
		{3E1E7C66-E08F-4CDF-AF78-85F81036472D}.Release|Any CPU.Build.0 = Release|Any CPU
		{3E1E7C66-E08F-4CDF-AF78-85F81036472D}.Release|ARM.ActiveCfg = Release|Any CPU
		{3E1E7C66-E08F-4CDF-AF78-85F81036472D}.Release|ARM.Build.0 = Release|Any CPU
		{3E1E7C66-E08F-4CDF-AF78-85F81036472D}.Release|ARM64.ActiveCfg = Release|Any CPU
		{3E1E7C66-E08F-4CDF-AF78-85F81036472D}.Release|ARM64.Build.0 = Release|Any CPU
		{3E1E7C66-E08F-4CDF-AF78-85F81036472D}.Release|x64.ActiveCfg = Release|Any CPU
		{3E1E7C66-E08F-4CDF-AF78-85F81036472D}.Release|x64.Build.0 = Release|Any CPU
		{3E1E7C66-E08F-4CDF-AF78-85F81036472D}.Release|x86.ActiveCfg = Release|Any CPU
		{3E1E7C66-E08F-4CDF-AF78-85F81036472D}.Release|x86.Build.0 = Release|Any CPU
		{A3E9B1A4-F07C-49B5-8D51-9297143B5B4A}.Debug|Any CPU.ActiveCfg = Debug|Any CPU
		{A3E9B1A4-F07C-49B5-8D51-9297143B5B4A}.Debug|Any CPU.Build.0 = Debug|Any CPU
		{A3E9B1A4-F07C-49B5-8D51-9297143B5B4A}.Debug|ARM.ActiveCfg = Debug|Any CPU
		{A3E9B1A4-F07C-49B5-8D51-9297143B5B4A}.Debug|ARM.Build.0 = Debug|Any CPU
		{A3E9B1A4-F07C-49B5-8D51-9297143B5B4A}.Debug|ARM64.ActiveCfg = Debug|Any CPU
		{A3E9B1A4-F07C-49B5-8D51-9297143B5B4A}.Debug|ARM64.Build.0 = Debug|Any CPU
		{A3E9B1A4-F07C-49B5-8D51-9297143B5B4A}.Debug|x64.ActiveCfg = Debug|Any CPU
		{A3E9B1A4-F07C-49B5-8D51-9297143B5B4A}.Debug|x64.Build.0 = Debug|Any CPU
		{A3E9B1A4-F07C-49B5-8D51-9297143B5B4A}.Debug|x86.ActiveCfg = Debug|Any CPU
		{A3E9B1A4-F07C-49B5-8D51-9297143B5B4A}.Debug|x86.Build.0 = Debug|Any CPU
		{A3E9B1A4-F07C-49B5-8D51-9297143B5B4A}.Release|Any CPU.ActiveCfg = Release|Any CPU
		{A3E9B1A4-F07C-49B5-8D51-9297143B5B4A}.Release|Any CPU.Build.0 = Release|Any CPU
		{A3E9B1A4-F07C-49B5-8D51-9297143B5B4A}.Release|ARM.ActiveCfg = Release|Any CPU
		{A3E9B1A4-F07C-49B5-8D51-9297143B5B4A}.Release|ARM.Build.0 = Release|Any CPU
		{A3E9B1A4-F07C-49B5-8D51-9297143B5B4A}.Release|ARM64.ActiveCfg = Release|Any CPU
		{A3E9B1A4-F07C-49B5-8D51-9297143B5B4A}.Release|ARM64.Build.0 = Release|Any CPU
		{A3E9B1A4-F07C-49B5-8D51-9297143B5B4A}.Release|x64.ActiveCfg = Release|Any CPU
		{A3E9B1A4-F07C-49B5-8D51-9297143B5B4A}.Release|x64.Build.0 = Release|Any CPU
		{A3E9B1A4-F07C-49B5-8D51-9297143B5B4A}.Release|x86.ActiveCfg = Release|Any CPU
		{A3E9B1A4-F07C-49B5-8D51-9297143B5B4A}.Release|x86.Build.0 = Release|Any CPU
		{EB0121E5-C87F-4F1E-B4ED-868846423E92}.Debug|Any CPU.ActiveCfg = Debug|Any CPU
		{EB0121E5-C87F-4F1E-B4ED-868846423E92}.Debug|Any CPU.Build.0 = Debug|Any CPU
		{EB0121E5-C87F-4F1E-B4ED-868846423E92}.Debug|ARM.ActiveCfg = Debug|Any CPU
		{EB0121E5-C87F-4F1E-B4ED-868846423E92}.Debug|ARM.Build.0 = Debug|Any CPU
		{EB0121E5-C87F-4F1E-B4ED-868846423E92}.Debug|ARM64.ActiveCfg = Debug|Any CPU
		{EB0121E5-C87F-4F1E-B4ED-868846423E92}.Debug|ARM64.Build.0 = Debug|Any CPU
		{EB0121E5-C87F-4F1E-B4ED-868846423E92}.Debug|x64.ActiveCfg = Debug|Any CPU
		{EB0121E5-C87F-4F1E-B4ED-868846423E92}.Debug|x64.Build.0 = Debug|Any CPU
		{EB0121E5-C87F-4F1E-B4ED-868846423E92}.Debug|x86.ActiveCfg = Debug|Any CPU
		{EB0121E5-C87F-4F1E-B4ED-868846423E92}.Debug|x86.Build.0 = Debug|Any CPU
		{EB0121E5-C87F-4F1E-B4ED-868846423E92}.Release|Any CPU.ActiveCfg = Release|Any CPU
		{EB0121E5-C87F-4F1E-B4ED-868846423E92}.Release|Any CPU.Build.0 = Release|Any CPU
		{EB0121E5-C87F-4F1E-B4ED-868846423E92}.Release|ARM.ActiveCfg = Release|Any CPU
		{EB0121E5-C87F-4F1E-B4ED-868846423E92}.Release|ARM.Build.0 = Release|Any CPU
		{EB0121E5-C87F-4F1E-B4ED-868846423E92}.Release|ARM64.ActiveCfg = Release|Any CPU
		{EB0121E5-C87F-4F1E-B4ED-868846423E92}.Release|ARM64.Build.0 = Release|Any CPU
		{EB0121E5-C87F-4F1E-B4ED-868846423E92}.Release|x64.ActiveCfg = Release|Any CPU
		{EB0121E5-C87F-4F1E-B4ED-868846423E92}.Release|x64.Build.0 = Release|Any CPU
		{EB0121E5-C87F-4F1E-B4ED-868846423E92}.Release|x86.ActiveCfg = Release|Any CPU
		{EB0121E5-C87F-4F1E-B4ED-868846423E92}.Release|x86.Build.0 = Release|Any CPU
		{33778D82-42A2-4F89-A660-F9610BDD3B04}.Debug|Any CPU.ActiveCfg = Debug|Any CPU
		{33778D82-42A2-4F89-A660-F9610BDD3B04}.Debug|Any CPU.Build.0 = Debug|Any CPU
		{33778D82-42A2-4F89-A660-F9610BDD3B04}.Debug|ARM.ActiveCfg = Debug|Any CPU
		{33778D82-42A2-4F89-A660-F9610BDD3B04}.Debug|ARM.Build.0 = Debug|Any CPU
		{33778D82-42A2-4F89-A660-F9610BDD3B04}.Debug|ARM64.ActiveCfg = Debug|Any CPU
		{33778D82-42A2-4F89-A660-F9610BDD3B04}.Debug|ARM64.Build.0 = Debug|Any CPU
		{33778D82-42A2-4F89-A660-F9610BDD3B04}.Debug|x64.ActiveCfg = Debug|Any CPU
		{33778D82-42A2-4F89-A660-F9610BDD3B04}.Debug|x64.Build.0 = Debug|Any CPU
		{33778D82-42A2-4F89-A660-F9610BDD3B04}.Debug|x86.ActiveCfg = Debug|Any CPU
		{33778D82-42A2-4F89-A660-F9610BDD3B04}.Debug|x86.Build.0 = Debug|Any CPU
		{33778D82-42A2-4F89-A660-F9610BDD3B04}.Release|Any CPU.ActiveCfg = Release|Any CPU
		{33778D82-42A2-4F89-A660-F9610BDD3B04}.Release|Any CPU.Build.0 = Release|Any CPU
		{33778D82-42A2-4F89-A660-F9610BDD3B04}.Release|ARM.ActiveCfg = Release|Any CPU
		{33778D82-42A2-4F89-A660-F9610BDD3B04}.Release|ARM.Build.0 = Release|Any CPU
		{33778D82-42A2-4F89-A660-F9610BDD3B04}.Release|ARM64.ActiveCfg = Release|Any CPU
		{33778D82-42A2-4F89-A660-F9610BDD3B04}.Release|ARM64.Build.0 = Release|Any CPU
		{33778D82-42A2-4F89-A660-F9610BDD3B04}.Release|x64.ActiveCfg = Release|Any CPU
		{33778D82-42A2-4F89-A660-F9610BDD3B04}.Release|x64.Build.0 = Release|Any CPU
		{33778D82-42A2-4F89-A660-F9610BDD3B04}.Release|x86.ActiveCfg = Release|Any CPU
		{33778D82-42A2-4F89-A660-F9610BDD3B04}.Release|x86.Build.0 = Release|Any CPU
		{0329344E-82A4-42E8-A632-C8EFE184B5E2}.Debug|Any CPU.ActiveCfg = Debug|Any CPU
		{0329344E-82A4-42E8-A632-C8EFE184B5E2}.Debug|Any CPU.Build.0 = Debug|Any CPU
		{0329344E-82A4-42E8-A632-C8EFE184B5E2}.Debug|ARM.ActiveCfg = Debug|Any CPU
		{0329344E-82A4-42E8-A632-C8EFE184B5E2}.Debug|ARM.Build.0 = Debug|Any CPU
		{0329344E-82A4-42E8-A632-C8EFE184B5E2}.Debug|ARM64.ActiveCfg = Debug|Any CPU
		{0329344E-82A4-42E8-A632-C8EFE184B5E2}.Debug|ARM64.Build.0 = Debug|Any CPU
		{0329344E-82A4-42E8-A632-C8EFE184B5E2}.Debug|x64.ActiveCfg = Debug|Any CPU
		{0329344E-82A4-42E8-A632-C8EFE184B5E2}.Debug|x64.Build.0 = Debug|Any CPU
		{0329344E-82A4-42E8-A632-C8EFE184B5E2}.Debug|x86.ActiveCfg = Debug|x86
		{0329344E-82A4-42E8-A632-C8EFE184B5E2}.Debug|x86.Build.0 = Debug|x86
		{0329344E-82A4-42E8-A632-C8EFE184B5E2}.Release|Any CPU.ActiveCfg = Release|Any CPU
		{0329344E-82A4-42E8-A632-C8EFE184B5E2}.Release|Any CPU.Build.0 = Release|Any CPU
		{0329344E-82A4-42E8-A632-C8EFE184B5E2}.Release|ARM.ActiveCfg = Release|Any CPU
		{0329344E-82A4-42E8-A632-C8EFE184B5E2}.Release|ARM.Build.0 = Release|Any CPU
		{0329344E-82A4-42E8-A632-C8EFE184B5E2}.Release|ARM64.ActiveCfg = Release|Any CPU
		{0329344E-82A4-42E8-A632-C8EFE184B5E2}.Release|ARM64.Build.0 = Release|Any CPU
		{0329344E-82A4-42E8-A632-C8EFE184B5E2}.Release|x64.ActiveCfg = Release|Any CPU
		{0329344E-82A4-42E8-A632-C8EFE184B5E2}.Release|x64.Build.0 = Release|Any CPU
		{0329344E-82A4-42E8-A632-C8EFE184B5E2}.Release|x86.ActiveCfg = Release|x86
		{0329344E-82A4-42E8-A632-C8EFE184B5E2}.Release|x86.Build.0 = Release|x86
		{336370BE-9F5B-4137-854F-66ADE86D2B9D}.Debug|Any CPU.ActiveCfg = Debug|Any CPU
		{336370BE-9F5B-4137-854F-66ADE86D2B9D}.Debug|Any CPU.Build.0 = Debug|Any CPU
		{336370BE-9F5B-4137-854F-66ADE86D2B9D}.Debug|ARM.ActiveCfg = Debug|Any CPU
		{336370BE-9F5B-4137-854F-66ADE86D2B9D}.Debug|ARM.Build.0 = Debug|Any CPU
		{336370BE-9F5B-4137-854F-66ADE86D2B9D}.Debug|ARM64.ActiveCfg = Debug|Any CPU
		{336370BE-9F5B-4137-854F-66ADE86D2B9D}.Debug|ARM64.Build.0 = Debug|Any CPU
		{336370BE-9F5B-4137-854F-66ADE86D2B9D}.Debug|x64.ActiveCfg = Debug|Any CPU
		{336370BE-9F5B-4137-854F-66ADE86D2B9D}.Debug|x64.Build.0 = Debug|Any CPU
		{336370BE-9F5B-4137-854F-66ADE86D2B9D}.Debug|x86.ActiveCfg = Debug|Any CPU
		{336370BE-9F5B-4137-854F-66ADE86D2B9D}.Debug|x86.Build.0 = Debug|Any CPU
		{336370BE-9F5B-4137-854F-66ADE86D2B9D}.Release|Any CPU.ActiveCfg = Release|Any CPU
		{336370BE-9F5B-4137-854F-66ADE86D2B9D}.Release|Any CPU.Build.0 = Release|Any CPU
		{336370BE-9F5B-4137-854F-66ADE86D2B9D}.Release|ARM.ActiveCfg = Release|Any CPU
		{336370BE-9F5B-4137-854F-66ADE86D2B9D}.Release|ARM.Build.0 = Release|Any CPU
		{336370BE-9F5B-4137-854F-66ADE86D2B9D}.Release|ARM64.ActiveCfg = Release|Any CPU
		{336370BE-9F5B-4137-854F-66ADE86D2B9D}.Release|ARM64.Build.0 = Release|Any CPU
		{336370BE-9F5B-4137-854F-66ADE86D2B9D}.Release|x64.ActiveCfg = Release|Any CPU
		{336370BE-9F5B-4137-854F-66ADE86D2B9D}.Release|x64.Build.0 = Release|Any CPU
		{336370BE-9F5B-4137-854F-66ADE86D2B9D}.Release|x86.ActiveCfg = Release|Any CPU
		{336370BE-9F5B-4137-854F-66ADE86D2B9D}.Release|x86.Build.0 = Release|Any CPU
		{9C472F82-035E-4454-9B71-478E485741EC}.Debug|Any CPU.ActiveCfg = Debug|Any CPU
		{9C472F82-035E-4454-9B71-478E485741EC}.Debug|Any CPU.Build.0 = Debug|Any CPU
		{9C472F82-035E-4454-9B71-478E485741EC}.Debug|ARM.ActiveCfg = Debug|Any CPU
		{9C472F82-035E-4454-9B71-478E485741EC}.Debug|ARM.Build.0 = Debug|Any CPU
		{9C472F82-035E-4454-9B71-478E485741EC}.Debug|ARM64.ActiveCfg = Debug|Any CPU
		{9C472F82-035E-4454-9B71-478E485741EC}.Debug|ARM64.Build.0 = Debug|Any CPU
		{9C472F82-035E-4454-9B71-478E485741EC}.Debug|x64.ActiveCfg = Debug|Any CPU
		{9C472F82-035E-4454-9B71-478E485741EC}.Debug|x64.Build.0 = Debug|Any CPU
		{9C472F82-035E-4454-9B71-478E485741EC}.Debug|x86.ActiveCfg = Debug|x86
		{9C472F82-035E-4454-9B71-478E485741EC}.Debug|x86.Build.0 = Debug|x86
		{9C472F82-035E-4454-9B71-478E485741EC}.Release|Any CPU.ActiveCfg = Release|Any CPU
		{9C472F82-035E-4454-9B71-478E485741EC}.Release|Any CPU.Build.0 = Release|Any CPU
		{9C472F82-035E-4454-9B71-478E485741EC}.Release|ARM.ActiveCfg = Release|Any CPU
		{9C472F82-035E-4454-9B71-478E485741EC}.Release|ARM.Build.0 = Release|Any CPU
		{9C472F82-035E-4454-9B71-478E485741EC}.Release|ARM64.ActiveCfg = Release|Any CPU
		{9C472F82-035E-4454-9B71-478E485741EC}.Release|ARM64.Build.0 = Release|Any CPU
		{9C472F82-035E-4454-9B71-478E485741EC}.Release|x64.ActiveCfg = Release|Any CPU
		{9C472F82-035E-4454-9B71-478E485741EC}.Release|x64.Build.0 = Release|Any CPU
		{9C472F82-035E-4454-9B71-478E485741EC}.Release|x86.ActiveCfg = Release|x86
		{9C472F82-035E-4454-9B71-478E485741EC}.Release|x86.Build.0 = Release|x86
	EndGlobalSection
	GlobalSection(SolutionProperties) = preSolution
		HideSolutionNode = FALSE
	EndGlobalSection
	GlobalSection(NestedProjects) = preSolution
		{E1082E26-D700-4127-9329-66D673FD2D55} = {459BF674-83CB-46F6-881F-A2D2117DBF4D}
		{9909F93F-C085-4F76-B92A-5D8C516BF47D} = {F3FFE2E4-E89E-46A9-A180-FDA8908BA21D}
		{DAAC2822-63B6-4DE0-83AE-04873CD2F364} = {72397ADB-40A8-4B8E-8E08-2DBE2803C845}
		{50C758FE-4E10-409A-94F5-A75480960864} = {459BF674-83CB-46F6-881F-A2D2117DBF4D}
		{F9AEE4C0-9E67-4B87-932E-26EDF0FC932A} = {50C758FE-4E10-409A-94F5-A75480960864}
		{F3FFE2E4-E89E-46A9-A180-FDA8908BA21D} = {D5478E0A-5D9C-4C1F-980C-7A9FC71F925E}
		{E25E7929-2423-4C8A-9B03-DC4C8B19A2E5} = {D5478E0A-5D9C-4C1F-980C-7A9FC71F925E}
		{05DB57B8-D0A5-499B-AD35-7093C2E9C9D7} = {E25E7929-2423-4C8A-9B03-DC4C8B19A2E5}
		{42AB9AE1-631D-4AD4-85B7-910FF0940BDB} = {E4884871-4A1B-43BC-814F-E3D6E52B1673}
		{68CD28B2-D943-4F9D-82F6-FC48593E4C12} = {C887044A-A685-42E6-B997-93FE37EEBA72}
		{6A3F2B7E-1F2F-4835-BE99-4363C04F25F2} = {C887044A-A685-42E6-B997-93FE37EEBA72}
		{46BBC8DC-35EA-4D54-8BEA-F3B439F28195} = {C887044A-A685-42E6-B997-93FE37EEBA72}
		{9860A73F-8088-4561-94BD-5D74599D2538} = {C887044A-A685-42E6-B997-93FE37EEBA72}
		{81FA06FD-63DA-4CBB-9936-5C9BA3405335} = {459BF674-83CB-46F6-881F-A2D2117DBF4D}
		{D3563350-206D-43B7-95E9-1F82C4F56EE5} = {81FA06FD-63DA-4CBB-9936-5C9BA3405335}
		{D02B5DCF-E7FB-421A-B46B-2DCAC087C62B} = {C887044A-A685-42E6-B997-93FE37EEBA72}
		{EFA03CC1-17FC-44D9-8708-5B75E2DA9210} = {50C758FE-4E10-409A-94F5-A75480960864}
		{B7809419-2778-4FB6-B5D6-742988CD3766} = {50C758FE-4E10-409A-94F5-A75480960864}
		{EEF36B5D-6D8E-4C4B-B89B-6BF895B9C46C} = {50C758FE-4E10-409A-94F5-A75480960864}
		{44CDE56A-3A86-4C5A-B1C8-2A4951F8F89C} = {50C758FE-4E10-409A-94F5-A75480960864}
		{01362E98-2365-47BE-BDA9-BAE2990D51A5} = {50C758FE-4E10-409A-94F5-A75480960864}
		{1A41FC4A-729A-489F-A3B0-F057101C18EC} = {81FA06FD-63DA-4CBB-9936-5C9BA3405335}
		{3E1E7C66-E08F-4CDF-AF78-85F81036472D} = {42AB9AE1-631D-4AD4-85B7-910FF0940BDB}
		{C9D5A0B9-0BF3-40BD-97F5-A548DFB337C6} = {430B7E14-6CE6-47B2-956D-25E6E75E0575}
		{A3E9B1A4-F07C-49B5-8D51-9297143B5B4A} = {C9D5A0B9-0BF3-40BD-97F5-A548DFB337C6}
		{507A185A-8FB4-422D-BEBA-11ACC3E68011} = {904182E4-F792-4C00-A202-12A6AAA41244}
		{EB0121E5-C87F-4F1E-B4ED-868846423E92} = {507A185A-8FB4-422D-BEBA-11ACC3E68011}
		{33778D82-42A2-4F89-A660-F9610BDD3B04} = {50C758FE-4E10-409A-94F5-A75480960864}
		{0329344E-82A4-42E8-A632-C8EFE184B5E2} = {E1082E26-D700-4127-9329-66D673FD2D55}
		{336370BE-9F5B-4137-854F-66ADE86D2B9D} = {C887044A-A685-42E6-B997-93FE37EEBA72}
		{9C472F82-035E-4454-9B71-478E485741EC} = {E1082E26-D700-4127-9329-66D673FD2D55}
	EndGlobalSection
	GlobalSection(ExtensibilityGlobals) = postSolution
		SolutionGuid = {0B8ABEAD-D2B5-4370-A187-62B5ABE4EE50}
	EndGlobalSection
EndGlobal
