Microsoft Visual Studio Solution File, Format Version 12.00
# Visual Studio Version 17
VisualStudioVersion = 17.0.31410.414
MinimumVisualStudioVersion = 10.0.40219.1
Project("{2150E333-8FDC-42A3-9474-1A3956D46DE8}") = "Controls", "Controls", "{459BF674-83CB-46F6-881F-A2D2117DBF4D}"
EndProject
Project("{2150E333-8FDC-42A3-9474-1A3956D46DE8}") = "samples", "samples", "{E1082E26-D700-4127-9329-66D673FD2D55}"
EndProject
Project("{2150E333-8FDC-42A3-9474-1A3956D46DE8}") = "Core", "Core", "{09C264E9-E3F3-4586-9151-DCBB1F6DA7AB}"
EndProject
Project("{2150E333-8FDC-42A3-9474-1A3956D46DE8}") = "Essentials", "Essentials", "{94F3C036-A5F4-4ACC-A028-8506802ADB88}"
EndProject
Project("{2150E333-8FDC-42A3-9474-1A3956D46DE8}") = "SingleProject", "SingleProject", "{D5478E0A-5D9C-4C1F-980C-7A9FC71F925E}"
EndProject
Project("{9A19103F-16F7-4668-BE54-9A1E7A4F7556}") = "Resizetizer", "src\SingleProject\Resizetizer\src\Resizetizer.csproj", "{9909F93F-C085-4F76-B92A-5D8C516BF47D}"
EndProject
Project("{9A19103F-16F7-4668-BE54-9A1E7A4F7556}") = "Microsoft.Maui.Templates", "src\Templates\src\Microsoft.Maui.Templates.csproj", "{DAAC2822-63B6-4DE0-83AE-04873CD2F364}"
EndProject
Project("{2150E333-8FDC-42A3-9474-1A3956D46DE8}") = "src", "src", "{E8AD265B-3C67-4640-AC58-A522F9FB3361}"
EndProject
Project("{2150E333-8FDC-42A3-9474-1A3956D46DE8}") = "src", "src", "{50C758FE-4E10-409A-94F5-A75480960864}"
EndProject
Project("{2150E333-8FDC-42A3-9474-1A3956D46DE8}") = "Templates", "Templates", "{72397ADB-40A8-4B8E-8E08-2DBE2803C845}"
EndProject
Project("{9A19103F-16F7-4668-BE54-9A1E7A4F7556}") = "Controls.Xaml.Design", "src\Controls\src\Xaml.Design\Controls.Xaml.Design.csproj", "{F9AEE4C0-9E67-4B87-932E-26EDF0FC932A}"
EndProject
Project("{9A19103F-16F7-4668-BE54-9A1E7A4F7556}") = "Controls.SourceGen", "src\Controls\src\SourceGen\Controls.SourceGen.csproj", "{22C17254-2CB4-4AE7-A558-E3208E1D19D3}"
EndProject
Project("{2150E333-8FDC-42A3-9474-1A3956D46DE8}") = "src", "src", "{F3FFE2E4-E89E-46A9-A180-FDA8908BA21D}"
EndProject
Project("{2150E333-8FDC-42A3-9474-1A3956D46DE8}") = "test", "test", "{E25E7929-2423-4C8A-9B03-DC4C8B19A2E5}"
EndProject
Project("{9A19103F-16F7-4668-BE54-9A1E7A4F7556}") = "Resizetizer.UnitTests", "src\SingleProject\Resizetizer\test\UnitTests\Resizetizer.UnitTests.csproj", "{05DB57B8-D0A5-499B-AD35-7093C2E9C9D7}"
EndProject
Project("{2150E333-8FDC-42A3-9474-1A3956D46DE8}") = "src", "src", "{A1D83459-24AC-4124-AE5F-09F0318AF0EB}"
EndProject
Project("{2150E333-8FDC-42A3-9474-1A3956D46DE8}") = "Graphics", "Graphics", "{E4884871-4A1B-43BC-814F-E3D6E52B1673}"
EndProject
Project("{2150E333-8FDC-42A3-9474-1A3956D46DE8}") = "src", "src", "{42AB9AE1-631D-4AD4-85B7-910FF0940BDB}"
EndProject
Project("{9A19103F-16F7-4668-BE54-9A1E7A4F7556}") = "Essentials-GTK", "src\Essentials\src\Essentials-GTK.csproj", "{10751F7F-8C53-40F1-8CC2-35AE721649A5}"
EndProject
Project("{9A19103F-16F7-4668-BE54-9A1E7A4F7556}") = "Graphics-GTK", "src\Graphics\src\Graphics\Graphics-GTK.csproj", "{ADFC38C3-7437-4495-9675-F36C5018B60B}"
EndProject
Project("{9A19103F-16F7-4668-BE54-9A1E7A4F7556}") = "Controls.Xaml-GTK", "src\Controls\src\Xaml\Controls.Xaml-GTK.csproj", "{CDB9C4E0-02FB-4E03-B04B-74AA84DD0D85}"
EndProject
Project("{9A19103F-16F7-4668-BE54-9A1E7A4F7556}") = "Core-GTK", "src\Core\src\Core-GTK.csproj", "{379B9376-1E8C-4B95-A653-4A5E2F56C912}"
EndProject
Project("{9A19103F-16F7-4668-BE54-9A1E7A4F7556}") = "Controls.Core-GTK", "src\Controls\src\Core\Controls.Core-GTK.csproj", "{95FAA642-28FE-4DB4-ACEA-E13FD7ACB0B7}"
EndProject
Project("{9A19103F-16F7-4668-BE54-9A1E7A4F7556}") = "Graphics.Win2D-GTK", "src\Graphics\src\Graphics.Win2D\Graphics.Win2D-GTK.csproj", "{C3FBA319-7D42-4CE1-BD9A-9F273892891B}"
EndProject
Project("{9A19103F-16F7-4668-BE54-9A1E7A4F7556}") = "Maui.Controls.Sample.GTK", "src\Controls\samples-gtk\Controls.Sample.GTK\Maui.Controls.Sample.GTK.csproj", "{E90C499F-D9E5-44BF-A64E-DA17D2C6BD94}"
EndProject
Project("{9A19103F-16F7-4668-BE54-9A1E7A4F7556}") = "Maui.Controls.Sample.Sandbox.GTK", "src\Controls\samples-gtk\Controls.Sample.Sandbox.GTK\Maui.Controls.Sample.Sandbox.GTK.csproj", "{4957D2C5-A7EF-4CF8-9538-F1CF274B6D83}"
EndProject
Project("{9A19103F-16F7-4668-BE54-9A1E7A4F7556}") = "Controls.Build.Tasks-GTK", "src\Controls\src\Build.Tasks\Controls.Build.Tasks-GTK.csproj", "{B2B14779-C49E-40BA-AF80-BA93313EC6B6}"
EndProject
Project("{9A19103F-16F7-4668-BE54-9A1E7A4F7556}") = "Controls.Core.Design-GTK", "src\Controls\src\Core.Design\Controls.Core.Design-GTK.csproj", "{9EB8FC6A-099A-4C5D-B7B6-0267F3F5102B}"
EndProject
Project("{9A19103F-16F7-4668-BE54-9A1E7A4F7556}") = "Controls.Foldable-GTK", "src\Controls\Foldable\src\Controls.Foldable-GTK.csproj", "{EB5EC8B4-DC4B-40CA-AD42-516C0534AE85}"
EndProject
Project("{2150E333-8FDC-42A3-9474-1A3956D46DE8}") = "CompatibilitySamples", "CompatibilitySamples", "{C887044A-A685-42E6-B997-93FE37EEBA72}"
EndProject
Project("{9A19103F-16F7-4668-BE54-9A1E7A4F7556}") = "DefaultMauiApp", "src\Compatibility\Core\tests\DefaultMauiApp\DefaultMauiApp.csproj", "{68CD28B2-D943-4F9D-82F6-FC48593E4C12}"
EndProject
Project("{FAE04EC0-301F-11D3-BF4B-00C04F79EFBC}") = "DefaultUWPApp", "src\Compatibility\Core\tests\DefaultUWPApp\DefaultUWPApp.csproj", "{6A3F2B7E-1F2F-4835-BE99-4363C04F25F2}"
EndProject
Project("{9A19103F-16F7-4668-BE54-9A1E7A4F7556}") = "DefaultWpfApp", "src\Compatibility\Core\tests\DefaultWpfApp\DefaultWpfApp.csproj", "{46BBC8DC-35EA-4D54-8BEA-F3B439F28195}"
EndProject
Project("{9A19103F-16F7-4668-BE54-9A1E7A4F7556}") = "DefaultWinFormsApp", "src\Compatibility\Core\tests\DefaultWinFormsApp\DefaultWinFormsApp.csproj", "{9860A73F-8088-4561-94BD-5D74599D2538}"
EndProject
Project("{2150E333-8FDC-42A3-9474-1A3956D46DE8}") = "tests", "tests", "{81FA06FD-63DA-4CBB-9936-5C9BA3405335}"
EndProject
Project("{9A19103F-16F7-4668-BE54-9A1E7A4F7556}") = "XamlCTaskRunner", "src\Controls\tests\XamlCTaskRunner\XamlCTaskRunner.csproj", "{D3563350-206D-43B7-95E9-1F82C4F56EE5}"
EndProject
Project("{9A19103F-16F7-4668-BE54-9A1E7A4F7556}") = "GenerateXamlRunner", "src\Controls\tests\GenerateXamlRunner\GenerateXamlRunner.csproj", "{5972A336-F12A-4293-92E7-A6FF6A1B3AFB}"
EndProject
Project("{9A19103F-16F7-4668-BE54-9A1E7A4F7556}") = "GTKnonMAUI", "src\Compatibility\Core\tests\GTKnonMAUI\GTKnonMAUI.csproj", "{D02B5DCF-E7FB-421A-B46B-2DCAC087C62B}"
EndProject
Project("{9A19103F-16F7-4668-BE54-9A1E7A4F7556}") = "Maui.Controls.Sample.OnePage.GTK", "src\Controls\samples-gtk\Controls.Sample.OnePage.GTK\Maui.Controls.Sample.OnePage.GTK.csproj", "{AF28A888-56A8-4B67-AE24-C615BB50E697}"
EndProject
Global
	GlobalSection(SolutionConfigurationPlatforms) = preSolution
		Debug|Any CPU = Debug|Any CPU
		Debug|ARM = Debug|ARM
		Debug|ARM64 = Debug|ARM64
		Debug|x64 = Debug|x64
		Debug|x86 = Debug|x86
		Release|Any CPU = Release|Any CPU
		Release|ARM = Release|ARM
		Release|ARM64 = Release|ARM64
		Release|x64 = Release|x64
		Release|x86 = Release|x86
	EndGlobalSection
	GlobalSection(ProjectConfigurationPlatforms) = postSolution
		{9909F93F-C085-4F76-B92A-5D8C516BF47D}.Debug|Any CPU.ActiveCfg = Debug|Any CPU
		{9909F93F-C085-4F76-B92A-5D8C516BF47D}.Debug|Any CPU.Build.0 = Debug|Any CPU
		{9909F93F-C085-4F76-B92A-5D8C516BF47D}.Debug|ARM.ActiveCfg = Debug|Any CPU
		{9909F93F-C085-4F76-B92A-5D8C516BF47D}.Debug|ARM.Build.0 = Debug|Any CPU
		{9909F93F-C085-4F76-B92A-5D8C516BF47D}.Debug|ARM64.ActiveCfg = Debug|Any CPU
		{9909F93F-C085-4F76-B92A-5D8C516BF47D}.Debug|ARM64.Build.0 = Debug|Any CPU
		{9909F93F-C085-4F76-B92A-5D8C516BF47D}.Debug|x64.ActiveCfg = Debug|Any CPU
		{9909F93F-C085-4F76-B92A-5D8C516BF47D}.Debug|x64.Build.0 = Debug|Any CPU
		{9909F93F-C085-4F76-B92A-5D8C516BF47D}.Debug|x86.ActiveCfg = Debug|Any CPU
		{9909F93F-C085-4F76-B92A-5D8C516BF47D}.Debug|x86.Build.0 = Debug|Any CPU
		{9909F93F-C085-4F76-B92A-5D8C516BF47D}.Release|Any CPU.ActiveCfg = Release|Any CPU
		{9909F93F-C085-4F76-B92A-5D8C516BF47D}.Release|Any CPU.Build.0 = Release|Any CPU
		{9909F93F-C085-4F76-B92A-5D8C516BF47D}.Release|ARM.ActiveCfg = Release|Any CPU
		{9909F93F-C085-4F76-B92A-5D8C516BF47D}.Release|ARM.Build.0 = Release|Any CPU
		{9909F93F-C085-4F76-B92A-5D8C516BF47D}.Release|ARM64.ActiveCfg = Release|Any CPU
		{9909F93F-C085-4F76-B92A-5D8C516BF47D}.Release|ARM64.Build.0 = Release|Any CPU
		{9909F93F-C085-4F76-B92A-5D8C516BF47D}.Release|x64.ActiveCfg = Release|Any CPU
		{9909F93F-C085-4F76-B92A-5D8C516BF47D}.Release|x64.Build.0 = Release|Any CPU
		{9909F93F-C085-4F76-B92A-5D8C516BF47D}.Release|x86.ActiveCfg = Release|Any CPU
		{9909F93F-C085-4F76-B92A-5D8C516BF47D}.Release|x86.Build.0 = Release|Any CPU
		{DAAC2822-63B6-4DE0-83AE-04873CD2F364}.Debug|Any CPU.ActiveCfg = Debug|Any CPU
		{DAAC2822-63B6-4DE0-83AE-04873CD2F364}.Debug|Any CPU.Build.0 = Debug|Any CPU
		{DAAC2822-63B6-4DE0-83AE-04873CD2F364}.Debug|ARM.ActiveCfg = Debug|Any CPU
		{DAAC2822-63B6-4DE0-83AE-04873CD2F364}.Debug|ARM.Build.0 = Debug|Any CPU
		{DAAC2822-63B6-4DE0-83AE-04873CD2F364}.Debug|ARM64.ActiveCfg = Debug|Any CPU
		{DAAC2822-63B6-4DE0-83AE-04873CD2F364}.Debug|ARM64.Build.0 = Debug|Any CPU
		{DAAC2822-63B6-4DE0-83AE-04873CD2F364}.Debug|x64.ActiveCfg = Debug|Any CPU
		{DAAC2822-63B6-4DE0-83AE-04873CD2F364}.Debug|x64.Build.0 = Debug|Any CPU
		{DAAC2822-63B6-4DE0-83AE-04873CD2F364}.Debug|x86.ActiveCfg = Debug|Any CPU
		{DAAC2822-63B6-4DE0-83AE-04873CD2F364}.Debug|x86.Build.0 = Debug|Any CPU
		{DAAC2822-63B6-4DE0-83AE-04873CD2F364}.Release|Any CPU.ActiveCfg = Release|Any CPU
		{DAAC2822-63B6-4DE0-83AE-04873CD2F364}.Release|Any CPU.Build.0 = Release|Any CPU
		{DAAC2822-63B6-4DE0-83AE-04873CD2F364}.Release|ARM.ActiveCfg = Release|Any CPU
		{DAAC2822-63B6-4DE0-83AE-04873CD2F364}.Release|ARM.Build.0 = Release|Any CPU
		{DAAC2822-63B6-4DE0-83AE-04873CD2F364}.Release|ARM64.ActiveCfg = Release|Any CPU
		{DAAC2822-63B6-4DE0-83AE-04873CD2F364}.Release|ARM64.Build.0 = Release|Any CPU
		{DAAC2822-63B6-4DE0-83AE-04873CD2F364}.Release|x64.ActiveCfg = Release|Any CPU
		{DAAC2822-63B6-4DE0-83AE-04873CD2F364}.Release|x64.Build.0 = Release|Any CPU
		{DAAC2822-63B6-4DE0-83AE-04873CD2F364}.Release|x86.ActiveCfg = Release|Any CPU
		{DAAC2822-63B6-4DE0-83AE-04873CD2F364}.Release|x86.Build.0 = Release|Any CPU
		{F9AEE4C0-9E67-4B87-932E-26EDF0FC932A}.Debug|Any CPU.ActiveCfg = Debug|Any CPU
		{F9AEE4C0-9E67-4B87-932E-26EDF0FC932A}.Debug|Any CPU.Build.0 = Debug|Any CPU
		{F9AEE4C0-9E67-4B87-932E-26EDF0FC932A}.Debug|ARM.ActiveCfg = Debug|Any CPU
		{F9AEE4C0-9E67-4B87-932E-26EDF0FC932A}.Debug|ARM.Build.0 = Debug|Any CPU
		{F9AEE4C0-9E67-4B87-932E-26EDF0FC932A}.Debug|ARM64.ActiveCfg = Debug|Any CPU
		{F9AEE4C0-9E67-4B87-932E-26EDF0FC932A}.Debug|ARM64.Build.0 = Debug|Any CPU
		{F9AEE4C0-9E67-4B87-932E-26EDF0FC932A}.Debug|x64.ActiveCfg = Debug|Any CPU
		{F9AEE4C0-9E67-4B87-932E-26EDF0FC932A}.Debug|x64.Build.0 = Debug|Any CPU
		{F9AEE4C0-9E67-4B87-932E-26EDF0FC932A}.Debug|x86.ActiveCfg = Debug|Any CPU
		{F9AEE4C0-9E67-4B87-932E-26EDF0FC932A}.Debug|x86.Build.0 = Debug|Any CPU
		{F9AEE4C0-9E67-4B87-932E-26EDF0FC932A}.Release|Any CPU.ActiveCfg = Release|Any CPU
		{F9AEE4C0-9E67-4B87-932E-26EDF0FC932A}.Release|Any CPU.Build.0 = Release|Any CPU
		{F9AEE4C0-9E67-4B87-932E-26EDF0FC932A}.Release|ARM.ActiveCfg = Release|Any CPU
		{F9AEE4C0-9E67-4B87-932E-26EDF0FC932A}.Release|ARM.Build.0 = Release|Any CPU
		{F9AEE4C0-9E67-4B87-932E-26EDF0FC932A}.Release|ARM64.ActiveCfg = Release|Any CPU
		{F9AEE4C0-9E67-4B87-932E-26EDF0FC932A}.Release|ARM64.Build.0 = Release|Any CPU
		{F9AEE4C0-9E67-4B87-932E-26EDF0FC932A}.Release|x64.ActiveCfg = Release|Any CPU
		{F9AEE4C0-9E67-4B87-932E-26EDF0FC932A}.Release|x64.Build.0 = Release|Any CPU
		{F9AEE4C0-9E67-4B87-932E-26EDF0FC932A}.Release|x86.ActiveCfg = Release|Any CPU
		{F9AEE4C0-9E67-4B87-932E-26EDF0FC932A}.Release|x86.Build.0 = Release|Any CPU
		{22C17254-2CB4-4AE7-A558-E3208E1D19D3}.Debug|Any CPU.ActiveCfg = Debug|Any CPU
		{22C17254-2CB4-4AE7-A558-E3208E1D19D3}.Debug|Any CPU.Build.0 = Debug|Any CPU
		{22C17254-2CB4-4AE7-A558-E3208E1D19D3}.Debug|ARM.ActiveCfg = Debug|Any CPU
		{22C17254-2CB4-4AE7-A558-E3208E1D19D3}.Debug|ARM.Build.0 = Debug|Any CPU
		{22C17254-2CB4-4AE7-A558-E3208E1D19D3}.Debug|ARM64.ActiveCfg = Debug|Any CPU
		{22C17254-2CB4-4AE7-A558-E3208E1D19D3}.Debug|ARM64.Build.0 = Debug|Any CPU
		{22C17254-2CB4-4AE7-A558-E3208E1D19D3}.Debug|x64.ActiveCfg = Debug|Any CPU
		{22C17254-2CB4-4AE7-A558-E3208E1D19D3}.Debug|x64.Build.0 = Debug|Any CPU
		{22C17254-2CB4-4AE7-A558-E3208E1D19D3}.Debug|x86.ActiveCfg = Debug|Any CPU
		{22C17254-2CB4-4AE7-A558-E3208E1D19D3}.Debug|x86.Build.0 = Debug|Any CPU
		{22C17254-2CB4-4AE7-A558-E3208E1D19D3}.Release|Any CPU.ActiveCfg = Release|Any CPU
		{22C17254-2CB4-4AE7-A558-E3208E1D19D3}.Release|Any CPU.Build.0 = Release|Any CPU
		{22C17254-2CB4-4AE7-A558-E3208E1D19D3}.Release|ARM.ActiveCfg = Release|Any CPU
		{22C17254-2CB4-4AE7-A558-E3208E1D19D3}.Release|ARM.Build.0 = Release|Any CPU
		{22C17254-2CB4-4AE7-A558-E3208E1D19D3}.Release|ARM64.ActiveCfg = Release|Any CPU
		{22C17254-2CB4-4AE7-A558-E3208E1D19D3}.Release|ARM64.Build.0 = Release|Any CPU
		{22C17254-2CB4-4AE7-A558-E3208E1D19D3}.Release|x64.ActiveCfg = Release|Any CPU
		{22C17254-2CB4-4AE7-A558-E3208E1D19D3}.Release|x64.Build.0 = Release|Any CPU
		{22C17254-2CB4-4AE7-A558-E3208E1D19D3}.Release|x86.ActiveCfg = Release|Any CPU
		{22C17254-2CB4-4AE7-A558-E3208E1D19D3}.Release|x86.Build.0 = Release|Any CPU
		{05DB57B8-D0A5-499B-AD35-7093C2E9C9D7}.Debug|Any CPU.ActiveCfg = Debug|Any CPU
		{05DB57B8-D0A5-499B-AD35-7093C2E9C9D7}.Debug|Any CPU.Build.0 = Debug|Any CPU
		{05DB57B8-D0A5-499B-AD35-7093C2E9C9D7}.Debug|ARM.ActiveCfg = Debug|Any CPU
		{05DB57B8-D0A5-499B-AD35-7093C2E9C9D7}.Debug|ARM.Build.0 = Debug|Any CPU
		{05DB57B8-D0A5-499B-AD35-7093C2E9C9D7}.Debug|ARM64.ActiveCfg = Debug|Any CPU
		{05DB57B8-D0A5-499B-AD35-7093C2E9C9D7}.Debug|ARM64.Build.0 = Debug|Any CPU
		{05DB57B8-D0A5-499B-AD35-7093C2E9C9D7}.Debug|x64.ActiveCfg = Debug|Any CPU
		{05DB57B8-D0A5-499B-AD35-7093C2E9C9D7}.Debug|x64.Build.0 = Debug|Any CPU
		{05DB57B8-D0A5-499B-AD35-7093C2E9C9D7}.Debug|x86.ActiveCfg = Debug|Any CPU
		{05DB57B8-D0A5-499B-AD35-7093C2E9C9D7}.Debug|x86.Build.0 = Debug|Any CPU
		{05DB57B8-D0A5-499B-AD35-7093C2E9C9D7}.Release|Any CPU.ActiveCfg = Release|Any CPU
		{05DB57B8-D0A5-499B-AD35-7093C2E9C9D7}.Release|Any CPU.Build.0 = Release|Any CPU
		{05DB57B8-D0A5-499B-AD35-7093C2E9C9D7}.Release|ARM.ActiveCfg = Release|Any CPU
		{05DB57B8-D0A5-499B-AD35-7093C2E9C9D7}.Release|ARM.Build.0 = Release|Any CPU
		{05DB57B8-D0A5-499B-AD35-7093C2E9C9D7}.Release|ARM64.ActiveCfg = Release|Any CPU
		{05DB57B8-D0A5-499B-AD35-7093C2E9C9D7}.Release|ARM64.Build.0 = Release|Any CPU
		{05DB57B8-D0A5-499B-AD35-7093C2E9C9D7}.Release|x64.ActiveCfg = Release|Any CPU
		{05DB57B8-D0A5-499B-AD35-7093C2E9C9D7}.Release|x64.Build.0 = Release|Any CPU
		{05DB57B8-D0A5-499B-AD35-7093C2E9C9D7}.Release|x86.ActiveCfg = Release|Any CPU
		{05DB57B8-D0A5-499B-AD35-7093C2E9C9D7}.Release|x86.Build.0 = Release|Any CPU
		{10751F7F-8C53-40F1-8CC2-35AE721649A5}.Debug|Any CPU.ActiveCfg = Debug|Any CPU
		{10751F7F-8C53-40F1-8CC2-35AE721649A5}.Debug|Any CPU.Build.0 = Debug|Any CPU
		{10751F7F-8C53-40F1-8CC2-35AE721649A5}.Debug|ARM.ActiveCfg = Debug|Any CPU
		{10751F7F-8C53-40F1-8CC2-35AE721649A5}.Debug|ARM.Build.0 = Debug|Any CPU
		{10751F7F-8C53-40F1-8CC2-35AE721649A5}.Debug|ARM64.ActiveCfg = Debug|Any CPU
		{10751F7F-8C53-40F1-8CC2-35AE721649A5}.Debug|ARM64.Build.0 = Debug|Any CPU
		{10751F7F-8C53-40F1-8CC2-35AE721649A5}.Debug|x64.ActiveCfg = Debug|Any CPU
		{10751F7F-8C53-40F1-8CC2-35AE721649A5}.Debug|x64.Build.0 = Debug|Any CPU
		{10751F7F-8C53-40F1-8CC2-35AE721649A5}.Debug|x86.ActiveCfg = Debug|Any CPU
		{10751F7F-8C53-40F1-8CC2-35AE721649A5}.Debug|x86.Build.0 = Debug|Any CPU
		{10751F7F-8C53-40F1-8CC2-35AE721649A5}.Release|Any CPU.ActiveCfg = Release|Any CPU
		{10751F7F-8C53-40F1-8CC2-35AE721649A5}.Release|Any CPU.Build.0 = Release|Any CPU
		{10751F7F-8C53-40F1-8CC2-35AE721649A5}.Release|ARM.ActiveCfg = Release|Any CPU
		{10751F7F-8C53-40F1-8CC2-35AE721649A5}.Release|ARM.Build.0 = Release|Any CPU
		{10751F7F-8C53-40F1-8CC2-35AE721649A5}.Release|ARM64.ActiveCfg = Release|Any CPU
		{10751F7F-8C53-40F1-8CC2-35AE721649A5}.Release|ARM64.Build.0 = Release|Any CPU
		{10751F7F-8C53-40F1-8CC2-35AE721649A5}.Release|x64.ActiveCfg = Release|Any CPU
		{10751F7F-8C53-40F1-8CC2-35AE721649A5}.Release|x64.Build.0 = Release|Any CPU
		{10751F7F-8C53-40F1-8CC2-35AE721649A5}.Release|x86.ActiveCfg = Release|Any CPU
		{10751F7F-8C53-40F1-8CC2-35AE721649A5}.Release|x86.Build.0 = Release|Any CPU
		{ADFC38C3-7437-4495-9675-F36C5018B60B}.Debug|Any CPU.ActiveCfg = Debug|Any CPU
		{ADFC38C3-7437-4495-9675-F36C5018B60B}.Debug|Any CPU.Build.0 = Debug|Any CPU
		{ADFC38C3-7437-4495-9675-F36C5018B60B}.Debug|ARM.ActiveCfg = Debug|Any CPU
		{ADFC38C3-7437-4495-9675-F36C5018B60B}.Debug|ARM.Build.0 = Debug|Any CPU
		{ADFC38C3-7437-4495-9675-F36C5018B60B}.Debug|ARM64.ActiveCfg = Debug|Any CPU
		{ADFC38C3-7437-4495-9675-F36C5018B60B}.Debug|ARM64.Build.0 = Debug|Any CPU
		{ADFC38C3-7437-4495-9675-F36C5018B60B}.Debug|x64.ActiveCfg = Debug|Any CPU
		{ADFC38C3-7437-4495-9675-F36C5018B60B}.Debug|x64.Build.0 = Debug|Any CPU
		{ADFC38C3-7437-4495-9675-F36C5018B60B}.Debug|x86.ActiveCfg = Debug|Any CPU
		{ADFC38C3-7437-4495-9675-F36C5018B60B}.Debug|x86.Build.0 = Debug|Any CPU
		{ADFC38C3-7437-4495-9675-F36C5018B60B}.Release|Any CPU.ActiveCfg = Release|Any CPU
		{ADFC38C3-7437-4495-9675-F36C5018B60B}.Release|Any CPU.Build.0 = Release|Any CPU
		{ADFC38C3-7437-4495-9675-F36C5018B60B}.Release|ARM.ActiveCfg = Release|Any CPU
		{ADFC38C3-7437-4495-9675-F36C5018B60B}.Release|ARM.Build.0 = Release|Any CPU
		{ADFC38C3-7437-4495-9675-F36C5018B60B}.Release|ARM64.ActiveCfg = Release|Any CPU
		{ADFC38C3-7437-4495-9675-F36C5018B60B}.Release|ARM64.Build.0 = Release|Any CPU
		{ADFC38C3-7437-4495-9675-F36C5018B60B}.Release|x64.ActiveCfg = Release|Any CPU
		{ADFC38C3-7437-4495-9675-F36C5018B60B}.Release|x64.Build.0 = Release|Any CPU
		{ADFC38C3-7437-4495-9675-F36C5018B60B}.Release|x86.ActiveCfg = Release|Any CPU
		{ADFC38C3-7437-4495-9675-F36C5018B60B}.Release|x86.Build.0 = Release|Any CPU
		{CDB9C4E0-02FB-4E03-B04B-74AA84DD0D85}.Debug|Any CPU.ActiveCfg = Debug|Any CPU
		{CDB9C4E0-02FB-4E03-B04B-74AA84DD0D85}.Debug|Any CPU.Build.0 = Debug|Any CPU
		{CDB9C4E0-02FB-4E03-B04B-74AA84DD0D85}.Debug|ARM.ActiveCfg = Debug|Any CPU
		{CDB9C4E0-02FB-4E03-B04B-74AA84DD0D85}.Debug|ARM.Build.0 = Debug|Any CPU
		{CDB9C4E0-02FB-4E03-B04B-74AA84DD0D85}.Debug|ARM64.ActiveCfg = Debug|Any CPU
		{CDB9C4E0-02FB-4E03-B04B-74AA84DD0D85}.Debug|ARM64.Build.0 = Debug|Any CPU
		{CDB9C4E0-02FB-4E03-B04B-74AA84DD0D85}.Debug|x64.ActiveCfg = Debug|Any CPU
		{CDB9C4E0-02FB-4E03-B04B-74AA84DD0D85}.Debug|x64.Build.0 = Debug|Any CPU
		{CDB9C4E0-02FB-4E03-B04B-74AA84DD0D85}.Debug|x86.ActiveCfg = Debug|Any CPU
		{CDB9C4E0-02FB-4E03-B04B-74AA84DD0D85}.Debug|x86.Build.0 = Debug|Any CPU
		{CDB9C4E0-02FB-4E03-B04B-74AA84DD0D85}.Release|Any CPU.ActiveCfg = Release|Any CPU
		{CDB9C4E0-02FB-4E03-B04B-74AA84DD0D85}.Release|Any CPU.Build.0 = Release|Any CPU
		{CDB9C4E0-02FB-4E03-B04B-74AA84DD0D85}.Release|ARM.ActiveCfg = Release|Any CPU
		{CDB9C4E0-02FB-4E03-B04B-74AA84DD0D85}.Release|ARM.Build.0 = Release|Any CPU
		{CDB9C4E0-02FB-4E03-B04B-74AA84DD0D85}.Release|ARM64.ActiveCfg = Release|Any CPU
		{CDB9C4E0-02FB-4E03-B04B-74AA84DD0D85}.Release|ARM64.Build.0 = Release|Any CPU
		{CDB9C4E0-02FB-4E03-B04B-74AA84DD0D85}.Release|x64.ActiveCfg = Release|Any CPU
		{CDB9C4E0-02FB-4E03-B04B-74AA84DD0D85}.Release|x64.Build.0 = Release|Any CPU
		{CDB9C4E0-02FB-4E03-B04B-74AA84DD0D85}.Release|x86.ActiveCfg = Release|Any CPU
		{CDB9C4E0-02FB-4E03-B04B-74AA84DD0D85}.Release|x86.Build.0 = Release|Any CPU
		{379B9376-1E8C-4B95-A653-4A5E2F56C912}.Debug|Any CPU.ActiveCfg = Debug|Any CPU
		{379B9376-1E8C-4B95-A653-4A5E2F56C912}.Debug|Any CPU.Build.0 = Debug|Any CPU
		{379B9376-1E8C-4B95-A653-4A5E2F56C912}.Debug|ARM.ActiveCfg = Debug|Any CPU
		{379B9376-1E8C-4B95-A653-4A5E2F56C912}.Debug|ARM.Build.0 = Debug|Any CPU
		{379B9376-1E8C-4B95-A653-4A5E2F56C912}.Debug|ARM64.ActiveCfg = Debug|Any CPU
		{379B9376-1E8C-4B95-A653-4A5E2F56C912}.Debug|ARM64.Build.0 = Debug|Any CPU
		{379B9376-1E8C-4B95-A653-4A5E2F56C912}.Debug|x64.ActiveCfg = Debug|Any CPU
		{379B9376-1E8C-4B95-A653-4A5E2F56C912}.Debug|x64.Build.0 = Debug|Any CPU
		{379B9376-1E8C-4B95-A653-4A5E2F56C912}.Debug|x86.ActiveCfg = Debug|Any CPU
		{379B9376-1E8C-4B95-A653-4A5E2F56C912}.Debug|x86.Build.0 = Debug|Any CPU
		{379B9376-1E8C-4B95-A653-4A5E2F56C912}.Release|Any CPU.ActiveCfg = Release|Any CPU
		{379B9376-1E8C-4B95-A653-4A5E2F56C912}.Release|Any CPU.Build.0 = Release|Any CPU
		{379B9376-1E8C-4B95-A653-4A5E2F56C912}.Release|ARM.ActiveCfg = Release|Any CPU
		{379B9376-1E8C-4B95-A653-4A5E2F56C912}.Release|ARM.Build.0 = Release|Any CPU
		{379B9376-1E8C-4B95-A653-4A5E2F56C912}.Release|ARM64.ActiveCfg = Release|Any CPU
		{379B9376-1E8C-4B95-A653-4A5E2F56C912}.Release|ARM64.Build.0 = Release|Any CPU
		{379B9376-1E8C-4B95-A653-4A5E2F56C912}.Release|x64.ActiveCfg = Release|Any CPU
		{379B9376-1E8C-4B95-A653-4A5E2F56C912}.Release|x64.Build.0 = Release|Any CPU
		{379B9376-1E8C-4B95-A653-4A5E2F56C912}.Release|x86.ActiveCfg = Release|Any CPU
		{379B9376-1E8C-4B95-A653-4A5E2F56C912}.Release|x86.Build.0 = Release|Any CPU
		{95FAA642-28FE-4DB4-ACEA-E13FD7ACB0B7}.Debug|Any CPU.ActiveCfg = Debug|Any CPU
		{95FAA642-28FE-4DB4-ACEA-E13FD7ACB0B7}.Debug|Any CPU.Build.0 = Debug|Any CPU
		{95FAA642-28FE-4DB4-ACEA-E13FD7ACB0B7}.Debug|ARM.ActiveCfg = Debug|Any CPU
		{95FAA642-28FE-4DB4-ACEA-E13FD7ACB0B7}.Debug|ARM.Build.0 = Debug|Any CPU
		{95FAA642-28FE-4DB4-ACEA-E13FD7ACB0B7}.Debug|ARM64.ActiveCfg = Debug|Any CPU
		{95FAA642-28FE-4DB4-ACEA-E13FD7ACB0B7}.Debug|ARM64.Build.0 = Debug|Any CPU
		{95FAA642-28FE-4DB4-ACEA-E13FD7ACB0B7}.Debug|x64.ActiveCfg = Debug|Any CPU
		{95FAA642-28FE-4DB4-ACEA-E13FD7ACB0B7}.Debug|x64.Build.0 = Debug|Any CPU
		{95FAA642-28FE-4DB4-ACEA-E13FD7ACB0B7}.Debug|x86.ActiveCfg = Debug|Any CPU
		{95FAA642-28FE-4DB4-ACEA-E13FD7ACB0B7}.Debug|x86.Build.0 = Debug|Any CPU
		{95FAA642-28FE-4DB4-ACEA-E13FD7ACB0B7}.Release|Any CPU.ActiveCfg = Release|Any CPU
		{95FAA642-28FE-4DB4-ACEA-E13FD7ACB0B7}.Release|Any CPU.Build.0 = Release|Any CPU
		{95FAA642-28FE-4DB4-ACEA-E13FD7ACB0B7}.Release|ARM.ActiveCfg = Release|Any CPU
		{95FAA642-28FE-4DB4-ACEA-E13FD7ACB0B7}.Release|ARM.Build.0 = Release|Any CPU
		{95FAA642-28FE-4DB4-ACEA-E13FD7ACB0B7}.Release|ARM64.ActiveCfg = Release|Any CPU
		{95FAA642-28FE-4DB4-ACEA-E13FD7ACB0B7}.Release|ARM64.Build.0 = Release|Any CPU
		{95FAA642-28FE-4DB4-ACEA-E13FD7ACB0B7}.Release|x64.ActiveCfg = Release|Any CPU
		{95FAA642-28FE-4DB4-ACEA-E13FD7ACB0B7}.Release|x64.Build.0 = Release|Any CPU
		{95FAA642-28FE-4DB4-ACEA-E13FD7ACB0B7}.Release|x86.ActiveCfg = Release|Any CPU
		{95FAA642-28FE-4DB4-ACEA-E13FD7ACB0B7}.Release|x86.Build.0 = Release|Any CPU
		{C3FBA319-7D42-4CE1-BD9A-9F273892891B}.Debug|Any CPU.ActiveCfg = Debug|Any CPU
		{C3FBA319-7D42-4CE1-BD9A-9F273892891B}.Debug|Any CPU.Build.0 = Debug|Any CPU
		{C3FBA319-7D42-4CE1-BD9A-9F273892891B}.Debug|ARM.ActiveCfg = Debug|Any CPU
		{C3FBA319-7D42-4CE1-BD9A-9F273892891B}.Debug|ARM.Build.0 = Debug|Any CPU
		{C3FBA319-7D42-4CE1-BD9A-9F273892891B}.Debug|ARM64.ActiveCfg = Debug|Any CPU
		{C3FBA319-7D42-4CE1-BD9A-9F273892891B}.Debug|ARM64.Build.0 = Debug|Any CPU
		{C3FBA319-7D42-4CE1-BD9A-9F273892891B}.Debug|x64.ActiveCfg = Debug|Any CPU
		{C3FBA319-7D42-4CE1-BD9A-9F273892891B}.Debug|x64.Build.0 = Debug|Any CPU
		{C3FBA319-7D42-4CE1-BD9A-9F273892891B}.Debug|x86.ActiveCfg = Debug|Any CPU
		{C3FBA319-7D42-4CE1-BD9A-9F273892891B}.Debug|x86.Build.0 = Debug|Any CPU
		{C3FBA319-7D42-4CE1-BD9A-9F273892891B}.Release|Any CPU.ActiveCfg = Release|Any CPU
		{C3FBA319-7D42-4CE1-BD9A-9F273892891B}.Release|Any CPU.Build.0 = Release|Any CPU
		{C3FBA319-7D42-4CE1-BD9A-9F273892891B}.Release|ARM.ActiveCfg = Release|Any CPU
		{C3FBA319-7D42-4CE1-BD9A-9F273892891B}.Release|ARM.Build.0 = Release|Any CPU
		{C3FBA319-7D42-4CE1-BD9A-9F273892891B}.Release|ARM64.ActiveCfg = Release|Any CPU
		{C3FBA319-7D42-4CE1-BD9A-9F273892891B}.Release|ARM64.Build.0 = Release|Any CPU
		{C3FBA319-7D42-4CE1-BD9A-9F273892891B}.Release|x64.ActiveCfg = Release|Any CPU
		{C3FBA319-7D42-4CE1-BD9A-9F273892891B}.Release|x64.Build.0 = Release|Any CPU
		{C3FBA319-7D42-4CE1-BD9A-9F273892891B}.Release|x86.ActiveCfg = Release|Any CPU
		{C3FBA319-7D42-4CE1-BD9A-9F273892891B}.Release|x86.Build.0 = Release|Any CPU
		{E90C499F-D9E5-44BF-A64E-DA17D2C6BD94}.Debug|Any CPU.ActiveCfg = Debug|Any CPU
		{E90C499F-D9E5-44BF-A64E-DA17D2C6BD94}.Debug|Any CPU.Build.0 = Debug|Any CPU
		{E90C499F-D9E5-44BF-A64E-DA17D2C6BD94}.Debug|ARM.ActiveCfg = Debug|Any CPU
		{E90C499F-D9E5-44BF-A64E-DA17D2C6BD94}.Debug|ARM.Build.0 = Debug|Any CPU
		{E90C499F-D9E5-44BF-A64E-DA17D2C6BD94}.Debug|ARM64.ActiveCfg = Debug|Any CPU
		{E90C499F-D9E5-44BF-A64E-DA17D2C6BD94}.Debug|ARM64.Build.0 = Debug|Any CPU
		{E90C499F-D9E5-44BF-A64E-DA17D2C6BD94}.Debug|x64.ActiveCfg = Debug|Any CPU
		{E90C499F-D9E5-44BF-A64E-DA17D2C6BD94}.Debug|x64.Build.0 = Debug|Any CPU
		{E90C499F-D9E5-44BF-A64E-DA17D2C6BD94}.Debug|x86.ActiveCfg = Debug|Any CPU
		{E90C499F-D9E5-44BF-A64E-DA17D2C6BD94}.Debug|x86.Build.0 = Debug|Any CPU
		{E90C499F-D9E5-44BF-A64E-DA17D2C6BD94}.Release|Any CPU.ActiveCfg = Release|Any CPU
		{E90C499F-D9E5-44BF-A64E-DA17D2C6BD94}.Release|Any CPU.Build.0 = Release|Any CPU
		{E90C499F-D9E5-44BF-A64E-DA17D2C6BD94}.Release|ARM.ActiveCfg = Release|Any CPU
		{E90C499F-D9E5-44BF-A64E-DA17D2C6BD94}.Release|ARM.Build.0 = Release|Any CPU
		{E90C499F-D9E5-44BF-A64E-DA17D2C6BD94}.Release|ARM64.ActiveCfg = Release|Any CPU
		{E90C499F-D9E5-44BF-A64E-DA17D2C6BD94}.Release|ARM64.Build.0 = Release|Any CPU
		{E90C499F-D9E5-44BF-A64E-DA17D2C6BD94}.Release|x64.ActiveCfg = Release|Any CPU
		{E90C499F-D9E5-44BF-A64E-DA17D2C6BD94}.Release|x64.Build.0 = Release|Any CPU
		{E90C499F-D9E5-44BF-A64E-DA17D2C6BD94}.Release|x86.ActiveCfg = Release|Any CPU
		{E90C499F-D9E5-44BF-A64E-DA17D2C6BD94}.Release|x86.Build.0 = Release|Any CPU
		{4957D2C5-A7EF-4CF8-9538-F1CF274B6D83}.Debug|Any CPU.ActiveCfg = Debug|Any CPU
		{4957D2C5-A7EF-4CF8-9538-F1CF274B6D83}.Debug|Any CPU.Build.0 = Debug|Any CPU
		{4957D2C5-A7EF-4CF8-9538-F1CF274B6D83}.Debug|ARM.ActiveCfg = Debug|Any CPU
		{4957D2C5-A7EF-4CF8-9538-F1CF274B6D83}.Debug|ARM.Build.0 = Debug|Any CPU
		{4957D2C5-A7EF-4CF8-9538-F1CF274B6D83}.Debug|ARM64.ActiveCfg = Debug|Any CPU
		{4957D2C5-A7EF-4CF8-9538-F1CF274B6D83}.Debug|ARM64.Build.0 = Debug|Any CPU
		{4957D2C5-A7EF-4CF8-9538-F1CF274B6D83}.Debug|x64.ActiveCfg = Debug|Any CPU
		{4957D2C5-A7EF-4CF8-9538-F1CF274B6D83}.Debug|x64.Build.0 = Debug|Any CPU
		{4957D2C5-A7EF-4CF8-9538-F1CF274B6D83}.Debug|x86.ActiveCfg = Debug|Any CPU
		{4957D2C5-A7EF-4CF8-9538-F1CF274B6D83}.Debug|x86.Build.0 = Debug|Any CPU
		{4957D2C5-A7EF-4CF8-9538-F1CF274B6D83}.Release|Any CPU.ActiveCfg = Release|Any CPU
		{4957D2C5-A7EF-4CF8-9538-F1CF274B6D83}.Release|Any CPU.Build.0 = Release|Any CPU
		{4957D2C5-A7EF-4CF8-9538-F1CF274B6D83}.Release|ARM.ActiveCfg = Release|Any CPU
		{4957D2C5-A7EF-4CF8-9538-F1CF274B6D83}.Release|ARM.Build.0 = Release|Any CPU
		{4957D2C5-A7EF-4CF8-9538-F1CF274B6D83}.Release|ARM64.ActiveCfg = Release|Any CPU
		{4957D2C5-A7EF-4CF8-9538-F1CF274B6D83}.Release|ARM64.Build.0 = Release|Any CPU
		{4957D2C5-A7EF-4CF8-9538-F1CF274B6D83}.Release|x64.ActiveCfg = Release|Any CPU
		{4957D2C5-A7EF-4CF8-9538-F1CF274B6D83}.Release|x64.Build.0 = Release|Any CPU
		{4957D2C5-A7EF-4CF8-9538-F1CF274B6D83}.Release|x86.ActiveCfg = Release|Any CPU
		{4957D2C5-A7EF-4CF8-9538-F1CF274B6D83}.Release|x86.Build.0 = Release|Any CPU
		{B2B14779-C49E-40BA-AF80-BA93313EC6B6}.Debug|Any CPU.ActiveCfg = Debug|Any CPU
		{B2B14779-C49E-40BA-AF80-BA93313EC6B6}.Debug|Any CPU.Build.0 = Debug|Any CPU
		{B2B14779-C49E-40BA-AF80-BA93313EC6B6}.Debug|ARM.ActiveCfg = Debug|Any CPU
		{B2B14779-C49E-40BA-AF80-BA93313EC6B6}.Debug|ARM.Build.0 = Debug|Any CPU
		{B2B14779-C49E-40BA-AF80-BA93313EC6B6}.Debug|ARM64.ActiveCfg = Debug|Any CPU
		{B2B14779-C49E-40BA-AF80-BA93313EC6B6}.Debug|ARM64.Build.0 = Debug|Any CPU
		{B2B14779-C49E-40BA-AF80-BA93313EC6B6}.Debug|x64.ActiveCfg = Debug|Any CPU
		{B2B14779-C49E-40BA-AF80-BA93313EC6B6}.Debug|x64.Build.0 = Debug|Any CPU
		{B2B14779-C49E-40BA-AF80-BA93313EC6B6}.Debug|x86.ActiveCfg = Debug|Any CPU
		{B2B14779-C49E-40BA-AF80-BA93313EC6B6}.Debug|x86.Build.0 = Debug|Any CPU
		{B2B14779-C49E-40BA-AF80-BA93313EC6B6}.Release|Any CPU.ActiveCfg = Release|Any CPU
		{B2B14779-C49E-40BA-AF80-BA93313EC6B6}.Release|Any CPU.Build.0 = Release|Any CPU
		{B2B14779-C49E-40BA-AF80-BA93313EC6B6}.Release|ARM.ActiveCfg = Release|Any CPU
		{B2B14779-C49E-40BA-AF80-BA93313EC6B6}.Release|ARM.Build.0 = Release|Any CPU
		{B2B14779-C49E-40BA-AF80-BA93313EC6B6}.Release|ARM64.ActiveCfg = Release|Any CPU
		{B2B14779-C49E-40BA-AF80-BA93313EC6B6}.Release|ARM64.Build.0 = Release|Any CPU
		{B2B14779-C49E-40BA-AF80-BA93313EC6B6}.Release|x64.ActiveCfg = Release|Any CPU
		{B2B14779-C49E-40BA-AF80-BA93313EC6B6}.Release|x64.Build.0 = Release|Any CPU
		{B2B14779-C49E-40BA-AF80-BA93313EC6B6}.Release|x86.ActiveCfg = Release|Any CPU
		{B2B14779-C49E-40BA-AF80-BA93313EC6B6}.Release|x86.Build.0 = Release|Any CPU
		{9EB8FC6A-099A-4C5D-B7B6-0267F3F5102B}.Debug|Any CPU.ActiveCfg = Debug|Any CPU
		{9EB8FC6A-099A-4C5D-B7B6-0267F3F5102B}.Debug|Any CPU.Build.0 = Debug|Any CPU
		{9EB8FC6A-099A-4C5D-B7B6-0267F3F5102B}.Debug|ARM.ActiveCfg = Debug|Any CPU
		{9EB8FC6A-099A-4C5D-B7B6-0267F3F5102B}.Debug|ARM.Build.0 = Debug|Any CPU
		{9EB8FC6A-099A-4C5D-B7B6-0267F3F5102B}.Debug|ARM64.ActiveCfg = Debug|Any CPU
		{9EB8FC6A-099A-4C5D-B7B6-0267F3F5102B}.Debug|ARM64.Build.0 = Debug|Any CPU
		{9EB8FC6A-099A-4C5D-B7B6-0267F3F5102B}.Debug|x64.ActiveCfg = Debug|Any CPU
		{9EB8FC6A-099A-4C5D-B7B6-0267F3F5102B}.Debug|x64.Build.0 = Debug|Any CPU
		{9EB8FC6A-099A-4C5D-B7B6-0267F3F5102B}.Debug|x86.ActiveCfg = Debug|Any CPU
		{9EB8FC6A-099A-4C5D-B7B6-0267F3F5102B}.Debug|x86.Build.0 = Debug|Any CPU
		{9EB8FC6A-099A-4C5D-B7B6-0267F3F5102B}.Release|Any CPU.ActiveCfg = Release|Any CPU
		{9EB8FC6A-099A-4C5D-B7B6-0267F3F5102B}.Release|Any CPU.Build.0 = Release|Any CPU
		{9EB8FC6A-099A-4C5D-B7B6-0267F3F5102B}.Release|ARM.ActiveCfg = Release|Any CPU
		{9EB8FC6A-099A-4C5D-B7B6-0267F3F5102B}.Release|ARM.Build.0 = Release|Any CPU
		{9EB8FC6A-099A-4C5D-B7B6-0267F3F5102B}.Release|ARM64.ActiveCfg = Release|Any CPU
		{9EB8FC6A-099A-4C5D-B7B6-0267F3F5102B}.Release|ARM64.Build.0 = Release|Any CPU
		{9EB8FC6A-099A-4C5D-B7B6-0267F3F5102B}.Release|x64.ActiveCfg = Release|Any CPU
		{9EB8FC6A-099A-4C5D-B7B6-0267F3F5102B}.Release|x64.Build.0 = Release|Any CPU
		{9EB8FC6A-099A-4C5D-B7B6-0267F3F5102B}.Release|x86.ActiveCfg = Release|Any CPU
		{9EB8FC6A-099A-4C5D-B7B6-0267F3F5102B}.Release|x86.Build.0 = Release|Any CPU
		{EB5EC8B4-DC4B-40CA-AD42-516C0534AE85}.Debug|Any CPU.ActiveCfg = Debug|Any CPU
		{EB5EC8B4-DC4B-40CA-AD42-516C0534AE85}.Debug|Any CPU.Build.0 = Debug|Any CPU
		{EB5EC8B4-DC4B-40CA-AD42-516C0534AE85}.Debug|ARM.ActiveCfg = Debug|Any CPU
		{EB5EC8B4-DC4B-40CA-AD42-516C0534AE85}.Debug|ARM.Build.0 = Debug|Any CPU
		{EB5EC8B4-DC4B-40CA-AD42-516C0534AE85}.Debug|ARM64.ActiveCfg = Debug|Any CPU
		{EB5EC8B4-DC4B-40CA-AD42-516C0534AE85}.Debug|ARM64.Build.0 = Debug|Any CPU
		{EB5EC8B4-DC4B-40CA-AD42-516C0534AE85}.Debug|x64.ActiveCfg = Debug|Any CPU
		{EB5EC8B4-DC4B-40CA-AD42-516C0534AE85}.Debug|x64.Build.0 = Debug|Any CPU
		{EB5EC8B4-DC4B-40CA-AD42-516C0534AE85}.Debug|x86.ActiveCfg = Debug|Any CPU
		{EB5EC8B4-DC4B-40CA-AD42-516C0534AE85}.Debug|x86.Build.0 = Debug|Any CPU
		{EB5EC8B4-DC4B-40CA-AD42-516C0534AE85}.Release|Any CPU.ActiveCfg = Release|Any CPU
		{EB5EC8B4-DC4B-40CA-AD42-516C0534AE85}.Release|Any CPU.Build.0 = Release|Any CPU
		{EB5EC8B4-DC4B-40CA-AD42-516C0534AE85}.Release|ARM.ActiveCfg = Release|Any CPU
		{EB5EC8B4-DC4B-40CA-AD42-516C0534AE85}.Release|ARM.Build.0 = Release|Any CPU
		{EB5EC8B4-DC4B-40CA-AD42-516C0534AE85}.Release|ARM64.ActiveCfg = Release|Any CPU
		{EB5EC8B4-DC4B-40CA-AD42-516C0534AE85}.Release|ARM64.Build.0 = Release|Any CPU
		{EB5EC8B4-DC4B-40CA-AD42-516C0534AE85}.Release|x64.ActiveCfg = Release|Any CPU
		{EB5EC8B4-DC4B-40CA-AD42-516C0534AE85}.Release|x64.Build.0 = Release|Any CPU
		{EB5EC8B4-DC4B-40CA-AD42-516C0534AE85}.Release|x86.ActiveCfg = Release|Any CPU
		{EB5EC8B4-DC4B-40CA-AD42-516C0534AE85}.Release|x86.Build.0 = Release|Any CPU
		{68CD28B2-D943-4F9D-82F6-FC48593E4C12}.Debug|Any CPU.ActiveCfg = Debug|Any CPU
		{68CD28B2-D943-4F9D-82F6-FC48593E4C12}.Debug|Any CPU.Build.0 = Debug|Any CPU
		{68CD28B2-D943-4F9D-82F6-FC48593E4C12}.Debug|Any CPU.Deploy.0 = Debug|Any CPU
		{68CD28B2-D943-4F9D-82F6-FC48593E4C12}.Debug|ARM.ActiveCfg = Debug|Any CPU
		{68CD28B2-D943-4F9D-82F6-FC48593E4C12}.Debug|ARM.Build.0 = Debug|Any CPU
		{68CD28B2-D943-4F9D-82F6-FC48593E4C12}.Debug|ARM.Deploy.0 = Debug|Any CPU
		{68CD28B2-D943-4F9D-82F6-FC48593E4C12}.Debug|ARM64.ActiveCfg = Debug|Any CPU
		{68CD28B2-D943-4F9D-82F6-FC48593E4C12}.Debug|ARM64.Build.0 = Debug|Any CPU
		{68CD28B2-D943-4F9D-82F6-FC48593E4C12}.Debug|ARM64.Deploy.0 = Debug|Any CPU
		{68CD28B2-D943-4F9D-82F6-FC48593E4C12}.Debug|x64.ActiveCfg = Debug|Any CPU
		{68CD28B2-D943-4F9D-82F6-FC48593E4C12}.Debug|x64.Build.0 = Debug|Any CPU
		{68CD28B2-D943-4F9D-82F6-FC48593E4C12}.Debug|x64.Deploy.0 = Debug|Any CPU
		{68CD28B2-D943-4F9D-82F6-FC48593E4C12}.Debug|x86.ActiveCfg = Debug|Any CPU
		{68CD28B2-D943-4F9D-82F6-FC48593E4C12}.Debug|x86.Build.0 = Debug|Any CPU
		{68CD28B2-D943-4F9D-82F6-FC48593E4C12}.Debug|x86.Deploy.0 = Debug|Any CPU
		{68CD28B2-D943-4F9D-82F6-FC48593E4C12}.Release|Any CPU.ActiveCfg = Release|Any CPU
		{68CD28B2-D943-4F9D-82F6-FC48593E4C12}.Release|Any CPU.Build.0 = Release|Any CPU
		{68CD28B2-D943-4F9D-82F6-FC48593E4C12}.Release|Any CPU.Deploy.0 = Release|Any CPU
		{68CD28B2-D943-4F9D-82F6-FC48593E4C12}.Release|ARM.ActiveCfg = Release|Any CPU
		{68CD28B2-D943-4F9D-82F6-FC48593E4C12}.Release|ARM.Build.0 = Release|Any CPU
		{68CD28B2-D943-4F9D-82F6-FC48593E4C12}.Release|ARM.Deploy.0 = Release|Any CPU
		{68CD28B2-D943-4F9D-82F6-FC48593E4C12}.Release|ARM64.ActiveCfg = Release|Any CPU
		{68CD28B2-D943-4F9D-82F6-FC48593E4C12}.Release|ARM64.Build.0 = Release|Any CPU
		{68CD28B2-D943-4F9D-82F6-FC48593E4C12}.Release|ARM64.Deploy.0 = Release|Any CPU
		{68CD28B2-D943-4F9D-82F6-FC48593E4C12}.Release|x64.ActiveCfg = Release|Any CPU
		{68CD28B2-D943-4F9D-82F6-FC48593E4C12}.Release|x64.Build.0 = Release|Any CPU
		{68CD28B2-D943-4F9D-82F6-FC48593E4C12}.Release|x64.Deploy.0 = Release|Any CPU
		{68CD28B2-D943-4F9D-82F6-FC48593E4C12}.Release|x86.ActiveCfg = Release|Any CPU
		{68CD28B2-D943-4F9D-82F6-FC48593E4C12}.Release|x86.Build.0 = Release|Any CPU
		{68CD28B2-D943-4F9D-82F6-FC48593E4C12}.Release|x86.Deploy.0 = Release|Any CPU
		{6A3F2B7E-1F2F-4835-BE99-4363C04F25F2}.Debug|Any CPU.ActiveCfg = Debug|x64
		{6A3F2B7E-1F2F-4835-BE99-4363C04F25F2}.Debug|Any CPU.Build.0 = Debug|x64
		{6A3F2B7E-1F2F-4835-BE99-4363C04F25F2}.Debug|Any CPU.Deploy.0 = Debug|x64
		{6A3F2B7E-1F2F-4835-BE99-4363C04F25F2}.Debug|ARM.ActiveCfg = Debug|ARM
		{6A3F2B7E-1F2F-4835-BE99-4363C04F25F2}.Debug|ARM.Build.0 = Debug|ARM
		{6A3F2B7E-1F2F-4835-BE99-4363C04F25F2}.Debug|ARM.Deploy.0 = Debug|ARM
		{6A3F2B7E-1F2F-4835-BE99-4363C04F25F2}.Debug|ARM64.ActiveCfg = Debug|ARM64
		{6A3F2B7E-1F2F-4835-BE99-4363C04F25F2}.Debug|ARM64.Build.0 = Debug|ARM64
		{6A3F2B7E-1F2F-4835-BE99-4363C04F25F2}.Debug|ARM64.Deploy.0 = Debug|ARM64
		{6A3F2B7E-1F2F-4835-BE99-4363C04F25F2}.Debug|x64.ActiveCfg = Debug|x64
		{6A3F2B7E-1F2F-4835-BE99-4363C04F25F2}.Debug|x64.Build.0 = Debug|x64
		{6A3F2B7E-1F2F-4835-BE99-4363C04F25F2}.Debug|x64.Deploy.0 = Debug|x64
		{6A3F2B7E-1F2F-4835-BE99-4363C04F25F2}.Debug|x86.ActiveCfg = Debug|x86
		{6A3F2B7E-1F2F-4835-BE99-4363C04F25F2}.Debug|x86.Build.0 = Debug|x86
		{6A3F2B7E-1F2F-4835-BE99-4363C04F25F2}.Debug|x86.Deploy.0 = Debug|x86
		{6A3F2B7E-1F2F-4835-BE99-4363C04F25F2}.Release|Any CPU.ActiveCfg = Release|x64
		{6A3F2B7E-1F2F-4835-BE99-4363C04F25F2}.Release|Any CPU.Build.0 = Release|x64
		{6A3F2B7E-1F2F-4835-BE99-4363C04F25F2}.Release|Any CPU.Deploy.0 = Release|x64
		{6A3F2B7E-1F2F-4835-BE99-4363C04F25F2}.Release|ARM.ActiveCfg = Release|ARM
		{6A3F2B7E-1F2F-4835-BE99-4363C04F25F2}.Release|ARM.Build.0 = Release|ARM
		{6A3F2B7E-1F2F-4835-BE99-4363C04F25F2}.Release|ARM.Deploy.0 = Release|ARM
		{6A3F2B7E-1F2F-4835-BE99-4363C04F25F2}.Release|ARM64.ActiveCfg = Release|ARM64
		{6A3F2B7E-1F2F-4835-BE99-4363C04F25F2}.Release|ARM64.Build.0 = Release|ARM64
		{6A3F2B7E-1F2F-4835-BE99-4363C04F25F2}.Release|ARM64.Deploy.0 = Release|ARM64
		{6A3F2B7E-1F2F-4835-BE99-4363C04F25F2}.Release|x64.ActiveCfg = Release|x64
		{6A3F2B7E-1F2F-4835-BE99-4363C04F25F2}.Release|x64.Build.0 = Release|x64
		{6A3F2B7E-1F2F-4835-BE99-4363C04F25F2}.Release|x64.Deploy.0 = Release|x64
		{6A3F2B7E-1F2F-4835-BE99-4363C04F25F2}.Release|x86.ActiveCfg = Release|x86
		{6A3F2B7E-1F2F-4835-BE99-4363C04F25F2}.Release|x86.Build.0 = Release|x86
		{6A3F2B7E-1F2F-4835-BE99-4363C04F25F2}.Release|x86.Deploy.0 = Release|x86
		{46BBC8DC-35EA-4D54-8BEA-F3B439F28195}.Debug|Any CPU.ActiveCfg = Debug|Any CPU
		{46BBC8DC-35EA-4D54-8BEA-F3B439F28195}.Debug|Any CPU.Build.0 = Debug|Any CPU
		{46BBC8DC-35EA-4D54-8BEA-F3B439F28195}.Debug|ARM.ActiveCfg = Debug|Any CPU
		{46BBC8DC-35EA-4D54-8BEA-F3B439F28195}.Debug|ARM.Build.0 = Debug|Any CPU
		{46BBC8DC-35EA-4D54-8BEA-F3B439F28195}.Debug|ARM64.ActiveCfg = Debug|Any CPU
		{46BBC8DC-35EA-4D54-8BEA-F3B439F28195}.Debug|ARM64.Build.0 = Debug|Any CPU
		{46BBC8DC-35EA-4D54-8BEA-F3B439F28195}.Debug|x64.ActiveCfg = Debug|Any CPU
		{46BBC8DC-35EA-4D54-8BEA-F3B439F28195}.Debug|x64.Build.0 = Debug|Any CPU
		{46BBC8DC-35EA-4D54-8BEA-F3B439F28195}.Debug|x86.ActiveCfg = Debug|Any CPU
		{46BBC8DC-35EA-4D54-8BEA-F3B439F28195}.Debug|x86.Build.0 = Debug|Any CPU
		{46BBC8DC-35EA-4D54-8BEA-F3B439F28195}.Release|Any CPU.ActiveCfg = Release|Any CPU
		{46BBC8DC-35EA-4D54-8BEA-F3B439F28195}.Release|Any CPU.Build.0 = Release|Any CPU
		{46BBC8DC-35EA-4D54-8BEA-F3B439F28195}.Release|ARM.ActiveCfg = Release|Any CPU
		{46BBC8DC-35EA-4D54-8BEA-F3B439F28195}.Release|ARM.Build.0 = Release|Any CPU
		{46BBC8DC-35EA-4D54-8BEA-F3B439F28195}.Release|ARM64.ActiveCfg = Release|Any CPU
		{46BBC8DC-35EA-4D54-8BEA-F3B439F28195}.Release|ARM64.Build.0 = Release|Any CPU
		{46BBC8DC-35EA-4D54-8BEA-F3B439F28195}.Release|x64.ActiveCfg = Release|Any CPU
		{46BBC8DC-35EA-4D54-8BEA-F3B439F28195}.Release|x64.Build.0 = Release|Any CPU
		{46BBC8DC-35EA-4D54-8BEA-F3B439F28195}.Release|x86.ActiveCfg = Release|Any CPU
		{46BBC8DC-35EA-4D54-8BEA-F3B439F28195}.Release|x86.Build.0 = Release|Any CPU
		{9860A73F-8088-4561-94BD-5D74599D2538}.Debug|Any CPU.ActiveCfg = Debug|Any CPU
		{9860A73F-8088-4561-94BD-5D74599D2538}.Debug|Any CPU.Build.0 = Debug|Any CPU
		{9860A73F-8088-4561-94BD-5D74599D2538}.Debug|ARM.ActiveCfg = Debug|Any CPU
		{9860A73F-8088-4561-94BD-5D74599D2538}.Debug|ARM.Build.0 = Debug|Any CPU
		{9860A73F-8088-4561-94BD-5D74599D2538}.Debug|ARM64.ActiveCfg = Debug|Any CPU
		{9860A73F-8088-4561-94BD-5D74599D2538}.Debug|ARM64.Build.0 = Debug|Any CPU
		{9860A73F-8088-4561-94BD-5D74599D2538}.Debug|x64.ActiveCfg = Debug|Any CPU
		{9860A73F-8088-4561-94BD-5D74599D2538}.Debug|x64.Build.0 = Debug|Any CPU
		{9860A73F-8088-4561-94BD-5D74599D2538}.Debug|x86.ActiveCfg = Debug|Any CPU
		{9860A73F-8088-4561-94BD-5D74599D2538}.Debug|x86.Build.0 = Debug|Any CPU
		{9860A73F-8088-4561-94BD-5D74599D2538}.Release|Any CPU.ActiveCfg = Release|Any CPU
		{9860A73F-8088-4561-94BD-5D74599D2538}.Release|Any CPU.Build.0 = Release|Any CPU
		{9860A73F-8088-4561-94BD-5D74599D2538}.Release|ARM.ActiveCfg = Release|Any CPU
		{9860A73F-8088-4561-94BD-5D74599D2538}.Release|ARM.Build.0 = Release|Any CPU
		{9860A73F-8088-4561-94BD-5D74599D2538}.Release|ARM64.ActiveCfg = Release|Any CPU
		{9860A73F-8088-4561-94BD-5D74599D2538}.Release|ARM64.Build.0 = Release|Any CPU
		{9860A73F-8088-4561-94BD-5D74599D2538}.Release|x64.ActiveCfg = Release|Any CPU
		{9860A73F-8088-4561-94BD-5D74599D2538}.Release|x64.Build.0 = Release|Any CPU
		{9860A73F-8088-4561-94BD-5D74599D2538}.Release|x86.ActiveCfg = Release|Any CPU
		{9860A73F-8088-4561-94BD-5D74599D2538}.Release|x86.Build.0 = Release|Any CPU
		{D3563350-206D-43B7-95E9-1F82C4F56EE5}.Debug|Any CPU.ActiveCfg = Debug|Any CPU
		{D3563350-206D-43B7-95E9-1F82C4F56EE5}.Debug|Any CPU.Build.0 = Debug|Any CPU
		{D3563350-206D-43B7-95E9-1F82C4F56EE5}.Debug|ARM.ActiveCfg = Debug|Any CPU
		{D3563350-206D-43B7-95E9-1F82C4F56EE5}.Debug|ARM.Build.0 = Debug|Any CPU
		{D3563350-206D-43B7-95E9-1F82C4F56EE5}.Debug|ARM64.ActiveCfg = Debug|Any CPU
		{D3563350-206D-43B7-95E9-1F82C4F56EE5}.Debug|ARM64.Build.0 = Debug|Any CPU
		{D3563350-206D-43B7-95E9-1F82C4F56EE5}.Debug|x64.ActiveCfg = Debug|Any CPU
		{D3563350-206D-43B7-95E9-1F82C4F56EE5}.Debug|x64.Build.0 = Debug|Any CPU
		{D3563350-206D-43B7-95E9-1F82C4F56EE5}.Debug|x86.ActiveCfg = Debug|Any CPU
		{D3563350-206D-43B7-95E9-1F82C4F56EE5}.Debug|x86.Build.0 = Debug|Any CPU
		{D3563350-206D-43B7-95E9-1F82C4F56EE5}.Release|Any CPU.ActiveCfg = Release|Any CPU
		{D3563350-206D-43B7-95E9-1F82C4F56EE5}.Release|Any CPU.Build.0 = Release|Any CPU
		{D3563350-206D-43B7-95E9-1F82C4F56EE5}.Release|ARM.ActiveCfg = Release|Any CPU
		{D3563350-206D-43B7-95E9-1F82C4F56EE5}.Release|ARM.Build.0 = Release|Any CPU
		{D3563350-206D-43B7-95E9-1F82C4F56EE5}.Release|ARM64.ActiveCfg = Release|Any CPU
		{D3563350-206D-43B7-95E9-1F82C4F56EE5}.Release|ARM64.Build.0 = Release|Any CPU
		{D3563350-206D-43B7-95E9-1F82C4F56EE5}.Release|x64.ActiveCfg = Release|Any CPU
		{D3563350-206D-43B7-95E9-1F82C4F56EE5}.Release|x64.Build.0 = Release|Any CPU
		{D3563350-206D-43B7-95E9-1F82C4F56EE5}.Release|x86.ActiveCfg = Release|Any CPU
		{D3563350-206D-43B7-95E9-1F82C4F56EE5}.Release|x86.Build.0 = Release|Any CPU
		{5972A336-F12A-4293-92E7-A6FF6A1B3AFB}.Debug|Any CPU.ActiveCfg = Debug|Any CPU
		{5972A336-F12A-4293-92E7-A6FF6A1B3AFB}.Debug|Any CPU.Build.0 = Debug|Any CPU
		{5972A336-F12A-4293-92E7-A6FF6A1B3AFB}.Debug|ARM.ActiveCfg = Debug|Any CPU
		{5972A336-F12A-4293-92E7-A6FF6A1B3AFB}.Debug|ARM.Build.0 = Debug|Any CPU
		{5972A336-F12A-4293-92E7-A6FF6A1B3AFB}.Debug|ARM64.ActiveCfg = Debug|Any CPU
		{5972A336-F12A-4293-92E7-A6FF6A1B3AFB}.Debug|ARM64.Build.0 = Debug|Any CPU
		{5972A336-F12A-4293-92E7-A6FF6A1B3AFB}.Debug|x64.ActiveCfg = Debug|Any CPU
		{5972A336-F12A-4293-92E7-A6FF6A1B3AFB}.Debug|x64.Build.0 = Debug|Any CPU
		{5972A336-F12A-4293-92E7-A6FF6A1B3AFB}.Debug|x86.ActiveCfg = Debug|Any CPU
		{5972A336-F12A-4293-92E7-A6FF6A1B3AFB}.Debug|x86.Build.0 = Debug|Any CPU
		{5972A336-F12A-4293-92E7-A6FF6A1B3AFB}.Release|Any CPU.ActiveCfg = Release|Any CPU
		{5972A336-F12A-4293-92E7-A6FF6A1B3AFB}.Release|Any CPU.Build.0 = Release|Any CPU
		{5972A336-F12A-4293-92E7-A6FF6A1B3AFB}.Release|ARM.ActiveCfg = Release|Any CPU
		{5972A336-F12A-4293-92E7-A6FF6A1B3AFB}.Release|ARM.Build.0 = Release|Any CPU
		{5972A336-F12A-4293-92E7-A6FF6A1B3AFB}.Release|ARM64.ActiveCfg = Release|Any CPU
		{5972A336-F12A-4293-92E7-A6FF6A1B3AFB}.Release|ARM64.Build.0 = Release|Any CPU
		{5972A336-F12A-4293-92E7-A6FF6A1B3AFB}.Release|x64.ActiveCfg = Release|Any CPU
		{5972A336-F12A-4293-92E7-A6FF6A1B3AFB}.Release|x64.Build.0 = Release|Any CPU
		{5972A336-F12A-4293-92E7-A6FF6A1B3AFB}.Release|x86.ActiveCfg = Release|Any CPU
		{5972A336-F12A-4293-92E7-A6FF6A1B3AFB}.Release|x86.Build.0 = Release|Any CPU
		{D02B5DCF-E7FB-421A-B46B-2DCAC087C62B}.Debug|Any CPU.ActiveCfg = Debug|Any CPU
		{D02B5DCF-E7FB-421A-B46B-2DCAC087C62B}.Debug|Any CPU.Build.0 = Debug|Any CPU
		{D02B5DCF-E7FB-421A-B46B-2DCAC087C62B}.Debug|ARM.ActiveCfg = Debug|Any CPU
		{D02B5DCF-E7FB-421A-B46B-2DCAC087C62B}.Debug|ARM.Build.0 = Debug|Any CPU
		{D02B5DCF-E7FB-421A-B46B-2DCAC087C62B}.Debug|ARM64.ActiveCfg = Debug|Any CPU
		{D02B5DCF-E7FB-421A-B46B-2DCAC087C62B}.Debug|ARM64.Build.0 = Debug|Any CPU
		{D02B5DCF-E7FB-421A-B46B-2DCAC087C62B}.Debug|x64.ActiveCfg = Debug|Any CPU
		{D02B5DCF-E7FB-421A-B46B-2DCAC087C62B}.Debug|x64.Build.0 = Debug|Any CPU
		{D02B5DCF-E7FB-421A-B46B-2DCAC087C62B}.Debug|x86.ActiveCfg = Debug|x86
		{D02B5DCF-E7FB-421A-B46B-2DCAC087C62B}.Debug|x86.Build.0 = Debug|x86
		{D02B5DCF-E7FB-421A-B46B-2DCAC087C62B}.Release|Any CPU.ActiveCfg = Release|Any CPU
		{D02B5DCF-E7FB-421A-B46B-2DCAC087C62B}.Release|Any CPU.Build.0 = Release|Any CPU
		{D02B5DCF-E7FB-421A-B46B-2DCAC087C62B}.Release|ARM.ActiveCfg = Release|Any CPU
		{D02B5DCF-E7FB-421A-B46B-2DCAC087C62B}.Release|ARM.Build.0 = Release|Any CPU
		{D02B5DCF-E7FB-421A-B46B-2DCAC087C62B}.Release|ARM64.ActiveCfg = Release|Any CPU
		{D02B5DCF-E7FB-421A-B46B-2DCAC087C62B}.Release|ARM64.Build.0 = Release|Any CPU
		{D02B5DCF-E7FB-421A-B46B-2DCAC087C62B}.Release|x64.ActiveCfg = Release|Any CPU
		{D02B5DCF-E7FB-421A-B46B-2DCAC087C62B}.Release|x64.Build.0 = Release|Any CPU
		{D02B5DCF-E7FB-421A-B46B-2DCAC087C62B}.Release|x86.ActiveCfg = Release|x86
		{D02B5DCF-E7FB-421A-B46B-2DCAC087C62B}.Release|x86.Build.0 = Release|x86
		{AF28A888-56A8-4B67-AE24-C615BB50E697}.Debug|Any CPU.ActiveCfg = Debug|Any CPU
		{AF28A888-56A8-4B67-AE24-C615BB50E697}.Debug|Any CPU.Build.0 = Debug|Any CPU
		{AF28A888-56A8-4B67-AE24-C615BB50E697}.Debug|ARM.ActiveCfg = Debug|Any CPU
		{AF28A888-56A8-4B67-AE24-C615BB50E697}.Debug|ARM.Build.0 = Debug|Any CPU
		{AF28A888-56A8-4B67-AE24-C615BB50E697}.Debug|ARM64.ActiveCfg = Debug|Any CPU
		{AF28A888-56A8-4B67-AE24-C615BB50E697}.Debug|ARM64.Build.0 = Debug|Any CPU
		{AF28A888-56A8-4B67-AE24-C615BB50E697}.Debug|x64.ActiveCfg = Debug|Any CPU
		{AF28A888-56A8-4B67-AE24-C615BB50E697}.Debug|x64.Build.0 = Debug|Any CPU
		{AF28A888-56A8-4B67-AE24-C615BB50E697}.Debug|x86.ActiveCfg = Debug|x86
		{AF28A888-56A8-4B67-AE24-C615BB50E697}.Debug|x86.Build.0 = Debug|x86
		{AF28A888-56A8-4B67-AE24-C615BB50E697}.Release|Any CPU.ActiveCfg = Release|Any CPU
		{AF28A888-56A8-4B67-AE24-C615BB50E697}.Release|Any CPU.Build.0 = Release|Any CPU
		{AF28A888-56A8-4B67-AE24-C615BB50E697}.Release|ARM.ActiveCfg = Release|Any CPU
		{AF28A888-56A8-4B67-AE24-C615BB50E697}.Release|ARM.Build.0 = Release|Any CPU
		{AF28A888-56A8-4B67-AE24-C615BB50E697}.Release|ARM64.ActiveCfg = Release|Any CPU
		{AF28A888-56A8-4B67-AE24-C615BB50E697}.Release|ARM64.Build.0 = Release|Any CPU
		{AF28A888-56A8-4B67-AE24-C615BB50E697}.Release|x64.ActiveCfg = Release|Any CPU
		{AF28A888-56A8-4B67-AE24-C615BB50E697}.Release|x64.Build.0 = Release|Any CPU
		{AF28A888-56A8-4B67-AE24-C615BB50E697}.Release|x86.ActiveCfg = Release|x86
		{AF28A888-56A8-4B67-AE24-C615BB50E697}.Release|x86.Build.0 = Release|x86
	EndGlobalSection
	GlobalSection(SolutionProperties) = preSolution
		HideSolutionNode = FALSE
	EndGlobalSection
	GlobalSection(NestedProjects) = preSolution
		{E1082E26-D700-4127-9329-66D673FD2D55} = {459BF674-83CB-46F6-881F-A2D2117DBF4D}
		{9909F93F-C085-4F76-B92A-5D8C516BF47D} = {F3FFE2E4-E89E-46A9-A180-FDA8908BA21D}
		{DAAC2822-63B6-4DE0-83AE-04873CD2F364} = {72397ADB-40A8-4B8E-8E08-2DBE2803C845}
		{E8AD265B-3C67-4640-AC58-A522F9FB3361} = {09C264E9-E3F3-4586-9151-DCBB1F6DA7AB}
		{50C758FE-4E10-409A-94F5-A75480960864} = {459BF674-83CB-46F6-881F-A2D2117DBF4D}
		{F9AEE4C0-9E67-4B87-932E-26EDF0FC932A} = {50C758FE-4E10-409A-94F5-A75480960864}
		{22C17254-2CB4-4AE7-A558-E3208E1D19D3} = {50C758FE-4E10-409A-94F5-A75480960864}
		{F3FFE2E4-E89E-46A9-A180-FDA8908BA21D} = {D5478E0A-5D9C-4C1F-980C-7A9FC71F925E}
		{E25E7929-2423-4C8A-9B03-DC4C8B19A2E5} = {D5478E0A-5D9C-4C1F-980C-7A9FC71F925E}
		{05DB57B8-D0A5-499B-AD35-7093C2E9C9D7} = {E25E7929-2423-4C8A-9B03-DC4C8B19A2E5}
		{A1D83459-24AC-4124-AE5F-09F0318AF0EB} = {94F3C036-A5F4-4ACC-A028-8506802ADB88}
		{42AB9AE1-631D-4AD4-85B7-910FF0940BDB} = {E4884871-4A1B-43BC-814F-E3D6E52B1673}
		{10751F7F-8C53-40F1-8CC2-35AE721649A5} = {A1D83459-24AC-4124-AE5F-09F0318AF0EB}
		{ADFC38C3-7437-4495-9675-F36C5018B60B} = {42AB9AE1-631D-4AD4-85B7-910FF0940BDB}
		{CDB9C4E0-02FB-4E03-B04B-74AA84DD0D85} = {50C758FE-4E10-409A-94F5-A75480960864}
		{379B9376-1E8C-4B95-A653-4A5E2F56C912} = {E8AD265B-3C67-4640-AC58-A522F9FB3361}
		{95FAA642-28FE-4DB4-ACEA-E13FD7ACB0B7} = {50C758FE-4E10-409A-94F5-A75480960864}
		{C3FBA319-7D42-4CE1-BD9A-9F273892891B} = {42AB9AE1-631D-4AD4-85B7-910FF0940BDB}
		{E90C499F-D9E5-44BF-A64E-DA17D2C6BD94} = {E1082E26-D700-4127-9329-66D673FD2D55}
		{4957D2C5-A7EF-4CF8-9538-F1CF274B6D83} = {E1082E26-D700-4127-9329-66D673FD2D55}
		{B2B14779-C49E-40BA-AF80-BA93313EC6B6} = {50C758FE-4E10-409A-94F5-A75480960864}
		{9EB8FC6A-099A-4C5D-B7B6-0267F3F5102B} = {50C758FE-4E10-409A-94F5-A75480960864}
		{EB5EC8B4-DC4B-40CA-AD42-516C0534AE85} = {50C758FE-4E10-409A-94F5-A75480960864}
		{68CD28B2-D943-4F9D-82F6-FC48593E4C12} = {C887044A-A685-42E6-B997-93FE37EEBA72}
		{6A3F2B7E-1F2F-4835-BE99-4363C04F25F2} = {C887044A-A685-42E6-B997-93FE37EEBA72}
		{46BBC8DC-35EA-4D54-8BEA-F3B439F28195} = {C887044A-A685-42E6-B997-93FE37EEBA72}
		{9860A73F-8088-4561-94BD-5D74599D2538} = {C887044A-A685-42E6-B997-93FE37EEBA72}
		{81FA06FD-63DA-4CBB-9936-5C9BA3405335} = {459BF674-83CB-46F6-881F-A2D2117DBF4D}
		{D3563350-206D-43B7-95E9-1F82C4F56EE5} = {81FA06FD-63DA-4CBB-9936-5C9BA3405335}
		{5972A336-F12A-4293-92E7-A6FF6A1B3AFB} = {81FA06FD-63DA-4CBB-9936-5C9BA3405335}
		{D02B5DCF-E7FB-421A-B46B-2DCAC087C62B} = {C887044A-A685-42E6-B997-93FE37EEBA72}
		{AF28A888-56A8-4B67-AE24-C615BB50E697} = {E1082E26-D700-4127-9329-66D673FD2D55}
	EndGlobalSection
	GlobalSection(ExtensibilityGlobals) = postSolution
		SolutionGuid = {0B8ABEAD-D2B5-4370-A187-62B5ABE4EE50}
	EndGlobalSection
EndGlobal
